// !$*UTF8*$!
{
	archiveVersion = 1;
	classes = {
	};
	objectVersion = 77;
	objects = {

/* Begin PBXBuildFile section */
		06D18D8A91C8AC284B36829C /* AuthManager.swift in Sources */ = {isa = PBXBuildFile; fileRef = 2FADCD4AB7A49BB7808470BD /* AuthManager.swift */; };
		0E0D58EDC30E78383BBBE6E5 /* LoginView.swift in Sources */ = {isa = PBXBuildFile; fileRef = 1B9050E37D383589F48F7349 /* LoginView.swift */; };
		1DFF9B707982ABA4CB1FFA72 /* ProductCard.swift in Sources */ = {isa = PBXBuildFile; fileRef = 9583A57C90DCAB3DC119342E /* ProductCard.swift */; };
		2B49E3B0A73264B5D0EED88A /* FeatureCard.swift in Sources */ = {isa = PBXBuildFile; fileRef = B69A10084EFE887518B77FB0 /* FeatureCard.swift */; };
		5B333B1BDEF4E93AC16D9136 /* MainTabView.swift in Sources */ = {isa = PBXBuildFile; fileRef = 2C2D908018579E74C4F6DE3F /* MainTabView.swift */; };
		68AEAB43A2107550172A58AE /* HomeApp.swift in Sources */ = {isa = PBXBuildFile; fileRef = A4CDCB58B9C74EE5C806160F /* HomeApp.swift */; };
		7A87923C429A89F547409ED7 /* ShopView.swift in Sources */ = {isa = PBXBuildFile; fileRef = 1C6F1DB6BCF9455356B9FAB7 /* ShopView.swift */; };
		81D685B707C9582581ADFB87 /* PetsView.swift in Sources */ = {isa = PBXBuildFile; fileRef = 61235AB3CE535474EAE6415F /* PetsView.swift */; };
		9B44E1E4D8E57A4A982A2B1A /* SettingsView.swift in Sources */ = {isa = PBXBuildFile; fileRef = 690FD04B109B326FBB7C1BB5 /* SettingsView.swift */; };
		BE50151A59558186C1FD92D1 /* PetRow.swift in Sources */ = {isa = PBXBuildFile; fileRef = 2FD0EC17349AAB28CC54A5CB /* PetRow.swift */; };
		2E8A213C94094E6A8AA1A4F2 /* AppData.swift in Sources */ = {isa = PBXBuildFile; fileRef = FC495CC222B942E7A8EE22C9 /* AppData.swift */; };
		CCB801F61C2F4EB8B290091A /* DataStore.swift in Sources */ = {isa = PBXBuildFile; fileRef = 94BB9EF2CC684E3799ABE139 /* DataStore.swift */; };
		86FAEA64D9AE43EBB5CE9ED1 /* Appointment.swift in Sources */ = {isa = PBXBuildFile; fileRef = DBE699B39D6D42F2BA958119 /* Appointment.swift */; };
		8A93AD27062449ECBE2D8C71 /* ClinicalEntry.swift in Sources */ = {isa = PBXBuildFile; fileRef = D0894A58F3E0471E870AA5A4 /* ClinicalEntry.swift */; };
		AD28BC8FE3FF44A7A23C3ABE /* PetEvent.swift in Sources */ = {isa = PBXBuildFile; fileRef = 64A61C82CA7D4580AEE3FD8F /* PetEvent.swift */; };
		F0E66C11605B468E99213400 /* PetFile.swift in Sources */ = {isa = PBXBuildFile; fileRef = D337BEEFF45641A7A41446D8 /* PetFile.swift */; };
		1DBC79FB65E14D45B82A6C9C /* Veterinarian.swift in Sources */ = {isa = PBXBuildFile; fileRef = 2C6856914DFD42828E88B77E /* Veterinarian.swift */; };
		C1A823780AE3489A95BE163E /* PetDetailView.swift in Sources */ = {isa = PBXBuildFile; fileRef = 55D97A7920684FC9B46E5FCE /* PetDetailView.swift */; };
		C5FC049B579BEC4CBF8EC041 /* ContentView.swift in Sources */ = {isa = PBXBuildFile; fileRef = DD1794F5A736E951E42FC707 /* ContentView.swift */; };
		CD57016D61746F8775546D4B /* HomeView.swift in Sources */ = {isa = PBXBuildFile; fileRef = 06C806DCF5034FAB66D7D2B8 /* HomeView.swift */; };
		E2EC81F2A4FA6DC413810AFC /* Product.swift in Sources */ = {isa = PBXBuildFile; fileRef = ECBBAB7C0182E30253E98F35 /* Product.swift */; };
		F17684685F480FFE091A4FC9 /* SettingsRow.swift in Sources */ = {isa = PBXBuildFile; fileRef = 099296661BA18AD804A8176A /* SettingsRow.swift */; };
		F590EDE5C7BE12EF7ED81623 /* Pet.swift in Sources */ = {isa = PBXBuildFile; fileRef = 73C53F1CBE01F7F807567F82 /* Pet.swift */; };
/* End PBXBuildFile section */

/* Begin PBXFileReference section */
		06C806DCF5034FAB66D7D2B8 /* HomeView.swift */ = {isa = PBXFileReference; includeInIndex = 1; lastKnownFileType = sourcecode.swift; name = HomeView.swift; path = HomeView.swift; sourceTree = "<group>"; };
		099296661BA18AD804A8176A /* SettingsRow.swift */ = {isa = PBXFileReference; includeInIndex = 1; lastKnownFileType = sourcecode.swift; name = SettingsRow.swift; path = SettingsRow.swift; sourceTree = "<group>"; };
		1B9050E37D383589F48F7349 /* LoginView.swift */ = {isa = PBXFileReference; includeInIndex = 1; lastKnownFileType = sourcecode.swift; name = LoginView.swift; path = LoginView.swift; sourceTree = "<group>"; };
		1C6F1DB6BCF9455356B9FAB7 /* ShopView.swift */ = {isa = PBXFileReference; includeInIndex = 1; lastKnownFileType = sourcecode.swift; name = ShopView.swift; path = ShopView.swift; sourceTree = "<group>"; };
		2C2D908018579E74C4F6DE3F /* MainTabView.swift */ = {isa = PBXFileReference; includeInIndex = 1; lastKnownFileType = sourcecode.swift; name = MainTabView.swift; path = MainTabView.swift; sourceTree = "<group>"; };
		2FADCD4AB7A49BB7808470BD /* AuthManager.swift */ = {isa = PBXFileReference; includeInIndex = 1; lastKnownFileType = sourcecode.swift; name = AuthManager.swift; path = AuthManager.swift; sourceTree = "<group>"; };
		2FD0EC17349AAB28CC54A5CB /* PetRow.swift */ = {isa = PBXFileReference; includeInIndex = 1; lastKnownFileType = sourcecode.swift; name = PetRow.swift; path = PetRow.swift; sourceTree = "<group>"; };
		50F3CD802FB7714C00238D41 /* Home.app */ = {isa = PBXFileReference; explicitFileType = wrapper.application; includeInIndex = 0; path = Home.app; sourceTree = BUILT_PRODUCTS_DIR; };
		61235AB3CE535474EAE6415F /* PetsView.swift */ = {isa = PBXFileReference; includeInIndex = 1; lastKnownFileType = sourcecode.swift; name = PetsView.swift; path = PetsView.swift; sourceTree = "<group>"; };
		690FD04B109B326FBB7C1BB5 /* SettingsView.swift */ = {isa = PBXFileReference; includeInIndex = 1; lastKnownFileType = sourcecode.swift; name = SettingsView.swift; path = SettingsView.swift; sourceTree = "<group>"; };
		73C53F1CBE01F7F807567F82 /* Pet.swift */ = {isa = PBXFileReference; includeInIndex = 1; lastKnownFileType = sourcecode.swift; name = Pet.swift; path = Pet.swift; sourceTree = "<group>"; };
		FC495CC222B942E7A8EE22C9 /* AppData.swift */ = {isa = PBXFileReference; includeInIndex = 1; lastKnownFileType = sourcecode.swift; name = AppData.swift; path = AppData.swift; sourceTree = "<group>"; };
		94BB9EF2CC684E3799ABE139 /* DataStore.swift */ = {isa = PBXFileReference; includeInIndex = 1; lastKnownFileType = sourcecode.swift; name = DataStore.swift; path = DataStore.swift; sourceTree = "<group>"; };
		DBE699B39D6D42F2BA958119 /* Appointment.swift */ = {isa = PBXFileReference; includeInIndex = 1; lastKnownFileType = sourcecode.swift; name = Appointment.swift; path = Appointment.swift; sourceTree = "<group>"; };
		D0894A58F3E0471E870AA5A4 /* ClinicalEntry.swift */ = {isa = PBXFileReference; includeInIndex = 1; lastKnownFileType = sourcecode.swift; name = ClinicalEntry.swift; path = ClinicalEntry.swift; sourceTree = "<group>"; };
		64A61C82CA7D4580AEE3FD8F /* PetEvent.swift */ = {isa = PBXFileReference; includeInIndex = 1; lastKnownFileType = sourcecode.swift; name = PetEvent.swift; path = PetEvent.swift; sourceTree = "<group>"; };
		D337BEEFF45641A7A41446D8 /* PetFile.swift */ = {isa = PBXFileReference; includeInIndex = 1; lastKnownFileType = sourcecode.swift; name = PetFile.swift; path = PetFile.swift; sourceTree = "<group>"; };
		2C6856914DFD42828E88B77E /* Veterinarian.swift */ = {isa = PBXFileReference; includeInIndex = 1; lastKnownFileType = sourcecode.swift; name = Veterinarian.swift; path = Veterinarian.swift; sourceTree = "<group>"; };
		55D97A7920684FC9B46E5FCE /* PetDetailView.swift */ = {isa = PBXFileReference; includeInIndex = 1; lastKnownFileType = sourcecode.swift; name = PetDetailView.swift; path = PetDetailView.swift; sourceTree = "<group>"; };
		9583A57C90DCAB3DC119342E /* ProductCard.swift */ = {isa = PBXFileReference; includeInIndex = 1; lastKnownFileType = sourcecode.swift; name = ProductCard.swift; path = ProductCard.swift; sourceTree = "<group>"; };
		A4CDCB58B9C74EE5C806160F /* HomeApp.swift */ = {isa = PBXFileReference; includeInIndex = 1; lastKnownFileType = sourcecode.swift; name = HomeApp.swift; path = HomeApp.swift; sourceTree = "<group>"; };
		B69A10084EFE887518B77FB0 /* FeatureCard.swift */ = {isa = PBXFileReference; includeInIndex = 1; lastKnownFileType = sourcecode.swift; name = FeatureCard.swift; path = FeatureCard.swift; sourceTree = "<group>"; };
		DD1794F5A736E951E42FC707 /* ContentView.swift */ = {isa = PBXFileReference; includeInIndex = 1; lastKnownFileType = sourcecode.swift; name = ContentView.swift; path = ContentView.swift; sourceTree = "<group>"; };
		ECBBAB7C0182E30253E98F35 /* Product.swift */ = {isa = PBXFileReference; includeInIndex = 1; lastKnownFileType = sourcecode.swift; name = Product.swift; path = Product.swift; sourceTree = "<group>"; };
/* End PBXFileReference section */

/* Begin PBXFrameworksBuildPhase section */
		50F3CD7D2FB7714C00238D41 /* Frameworks */ = {
			isa = PBXFrameworksBuildPhase;
			buildActionMask = 2147483647;
			files = (
			);
			runOnlyForDeploymentPostprocessing = 0;
		};
/* End PBXFrameworksBuildPhase section */

/* Begin PBXGroup section */
		0D1E073B845A7AD0DAA7C462 /* Pets */ = {
			isa = PBXGroup;
			children = (
				73C53F1CBE01F7F807567F82 /* Pet.swift */,
				61235AB3CE535474EAE6415F /* PetsView.swift */,
				A1B2C3D4E5F6A7B8C9D0E1F2 /* Detail */,
				B2C3D4E5F6A7B8C9D0E1F2A3 /* Models */,
				C3D4E5F6A7B8C9D0E1F2A3B4 /* Store */,
			);
			name = Pets;
			path = Pets;
			sourceTree = "<group>";
		};
		A1B2C3D4E5F6A7B8C9D0E1F2 /* Detail */ = {
			isa = PBXGroup;
			children = (
				55D97A7920684FC9B46E5FCE /* PetDetailView.swift */,
			);
			name = Detail;
			path = Detail;
			sourceTree = "<group>";
		};
		B2C3D4E5F6A7B8C9D0E1F2A3 /* Models */ = {
			isa = PBXGroup;
			children = (
				DBE699B39D6D42F2BA958119 /* Appointment.swift */,
				D0894A58F3E0471E870AA5A4 /* ClinicalEntry.swift */,
				64A61C82CA7D4580AEE3FD8F /* PetEvent.swift */,
				D337BEEFF45641A7A41446D8 /* PetFile.swift */,
				2C6856914DFD42828E88B77E /* Veterinarian.swift */,
			);
			name = Models;
			path = Models;
			sourceTree = "<group>";
		};
		C3D4E5F6A7B8C9D0E1F2A3B4 /* Store */ = {
			isa = PBXGroup;
			children = (
				FC495CC222B942E7A8EE22C9 /* AppData.swift */,
				94BB9EF2CC684E3799ABE139 /* DataStore.swift */,
			);
			name = Store;
			path = Store;
			sourceTree = "<group>";
		};
		248845B37ACBAB618358A586 /* Home */ = {
			isa = PBXGroup;
			children = (
				06C806DCF5034FAB66D7D2B8 /* HomeView.swift */,
			);
			name = Home;
			path = Home;
			sourceTree = "<group>";
		};
		3EE2B538D402B8159400ED65 /* Auth */ = {
			isa = PBXGroup;
			children = (
				2FADCD4AB7A49BB7808470BD /* AuthManager.swift */,
				1B9050E37D383589F48F7349 /* LoginView.swift */,
			);
			name = Auth;
			path = Auth;
			sourceTree = "<group>";
		};
		40827EA68B6B3F6846C702EA /* Home */ = {
			isa = PBXGroup;
			children = (
				3EE2B538D402B8159400ED65 /* Auth */,
				248845B37ACBAB618358A586 /* Home */,
				617B4C1C9E4E620806F0BD4A /* Main */,
				0D1E073B845A7AD0DAA7C462 /* Pets */,
				70B26604F602263820A5663D /* Settings */,
				C3A0C9BB44FA55E4B6F33F57 /* Shared */,
				F05A8C9DDBAFD9451881FDEC /* Shop */,
				DD1794F5A736E951E42FC707 /* ContentView.swift */,
				A4CDCB58B9C74EE5C806160F /* HomeApp.swift */,
			);
			name = Home;
			path = Home;
			sourceTree = "<group>";
		};
		50F3CD772FB7714C00238D41 = {
			isa = PBXGroup;
			children = (
				50F3CD812FB7714C00238D41 /* Products */,
				40827EA68B6B3F6846C702EA /* Home */,
			);
			sourceTree = "<group>";
		};
		50F3CD812FB7714C00238D41 /* Products */ = {
			isa = PBXGroup;
			children = (
				50F3CD802FB7714C00238D41 /* Home.app */,
			);
			name = Products;
			sourceTree = "<group>";
		};
		617B4C1C9E4E620806F0BD4A /* Main */ = {
			isa = PBXGroup;
			children = (
				2C2D908018579E74C4F6DE3F /* MainTabView.swift */,
			);
			name = Main;
			path = Main;
			sourceTree = "<group>";
		};
		70B26604F602263820A5663D /* Settings */ = {
			isa = PBXGroup;
			children = (
				690FD04B109B326FBB7C1BB5 /* SettingsView.swift */,
			);
			name = Settings;
			path = Settings;
			sourceTree = "<group>";
		};
		C3A0C9BB44FA55E4B6F33F57 /* Shared */ = {
			isa = PBXGroup;
			children = (
				F10DE071B6D97759A20373C7 /* Components */,
			);
			name = Shared;
			path = Shared;
			sourceTree = "<group>";
		};
		F05A8C9DDBAFD9451881FDEC /* Shop */ = {
			isa = PBXGroup;
			children = (
				ECBBAB7C0182E30253E98F35 /* Product.swift */,
				1C6F1DB6BCF9455356B9FAB7 /* ShopView.swift */,
			);
			name = Shop;
			path = Shop;
			sourceTree = "<group>";
		};
		F10DE071B6D97759A20373C7 /* Components */ = {
			isa = PBXGroup;
			children = (
				B69A10084EFE887518B77FB0 /* FeatureCard.swift */,
				2FD0EC17349AAB28CC54A5CB /* PetRow.swift */,
				9583A57C90DCAB3DC119342E /* ProductCard.swift */,
				099296661BA18AD804A8176A /* SettingsRow.swift */,
			);
			name = Components;
			path = Components;
			sourceTree = "<group>";
		};
/* End PBXGroup section */

/* Begin PBXNativeTarget section */
		50F3CD7F2FB7714C00238D41 /* Home */ = {
			isa = PBXNativeTarget;
			buildConfigurationList = 50F3CD8B2FB7714D00238D41 /* Build configuration list for PBXNativeTarget "Home" */;
			buildPhases = (
				50F3CD7C2FB7714C00238D41 /* Sources */,
				50F3CD7D2FB7714C00238D41 /* Frameworks */,
				50F3CD7E2FB7714C00238D41 /* Resources */,
			);
			buildRules = (
			);
			dependencies = (
			);
			name = Home;
			productName = Home;
			productReference = 50F3CD802FB7714C00238D41 /* Home.app */;
			productType = "com.apple.product-type.application";
		};
/* End PBXNativeTarget section */

/* Begin PBXProject section */
		50F3CD782FB7714C00238D41 /* Project object */ = {
			isa = PBXProject;
			attributes = {
				BuildIndependentTargetsInParallel = 1;
				LastSwiftUpdateCheck = 2600;
				LastUpgradeCheck = 2600;
				TargetAttributes = {
					50F3CD7F2FB7714C00238D41 = {
						CreatedOnToolsVersion = 26.0;
					};
				};
			};
			buildConfigurationList = 50F3CD7B2FB7714C00238D41 /* Build configuration list for PBXProject "Home" */;
			developmentRegion = en;
			hasScannedForEncodings = 0;
			knownRegions = (
				en,
				Base,
			);
			mainGroup = 50F3CD772FB7714C00238D41;
			minimizedProjectReferenceProxies = 1;
			preferredProjectObjectVersion = 77;
			productRefGroup = 50F3CD812FB7714C00238D41 /* Products */;
			projectDirPath = "";
			projectRoot = "";
			targets = (
				50F3CD7F2FB7714C00238D41 /* Home */,
			);
		};
/* End PBXProject section */

/* Begin PBXResourcesBuildPhase section */
		50F3CD7E2FB7714C00238D41 /* Resources */ = {
			isa = PBXResourcesBuildPhase;
			buildActionMask = 2147483647;
			files = (
			);
			runOnlyForDeploymentPostprocessing = 0;
		};
/* End PBXResourcesBuildPhase section */

/* Begin PBXSourcesBuildPhase section */
		50F3CD7C2FB7714C00238D41 /* Sources */ = {
			isa = PBXSourcesBuildPhase;
			buildActionMask = 2147483647;
			files = (
				06D18D8A91C8AC284B36829C /* AuthManager.swift in Sources */,
				0E0D58EDC30E78383BBBE6E5 /* LoginView.swift in Sources */,
				CD57016D61746F8775546D4B /* HomeView.swift in Sources */,
				5B333B1BDEF4E93AC16D9136 /* MainTabView.swift in Sources */,
				F590EDE5C7BE12EF7ED81623 /* Pet.swift in Sources */,
				81D685B707C9582581ADFB87 /* PetsView.swift in Sources */,
				9B44E1E4D8E57A4A982A2B1A /* SettingsView.swift in Sources */,
				2B49E3B0A73264B5D0EED88A /* FeatureCard.swift in Sources */,
				BE50151A59558186C1FD92D1 /* PetRow.swift in Sources */,
				1DFF9B707982ABA4CB1FFA72 /* ProductCard.swift in Sources */,
				F17684685F480FFE091A4FC9 /* SettingsRow.swift in Sources */,
				E2EC81F2A4FA6DC413810AFC /* Product.swift in Sources */,
				7A87923C429A89F547409ED7 /* ShopView.swift in Sources */,
				C5FC049B579BEC4CBF8EC041 /* ContentView.swift in Sources */,
				68AEAB43A2107550172A58AE /* HomeApp.swift in Sources */,
				2E8A213C94094E6A8AA1A4F2 /* AppData.swift in Sources */,
				CCB801F61C2F4EB8B290091A /* DataStore.swift in Sources */,
				86FAEA64D9AE43EBB5CE9ED1 /* Appointment.swift in Sources */,
				8A93AD27062449ECBE2D8C71 /* ClinicalEntry.swift in Sources */,
				AD28BC8FE3FF44A7A23C3ABE /* PetEvent.swift in Sources */,
				F0E66C11605B468E99213400 /* PetFile.swift in Sources */,
				1DBC79FB65E14D45B82A6C9C /* Veterinarian.swift in Sources */,
				C1A823780AE3489A95BE163E /* PetDetailView.swift in Sources */,
			);
			runOnlyForDeploymentPostprocessing = 0;
		};
/* End PBXSourcesBuildPhase section */

/* Begin XCBuildConfiguration section */
		50F3CD892FB7714D00238D41 /* Debug */ = {
			isa = XCBuildConfiguration;
			buildSettings = {
				ALWAYS_SEARCH_USER_PATHS = NO;
				ASSETCATALOG_COMPILER_GENERATE_SWIFT_ASSET_SYMBOL_EXTENSIONS = YES;
				CLANG_ANALYZER_NONNULL = YES;
				CLANG_ANALYZER_NUMBER_OBJECT_CONVERSION = YES_AGGRESSIVE;
				CLANG_CXX_LANGUAGE_STANDARD = "gnu++20";
				CLANG_ENABLE_MODULES = YES;
				CLANG_ENABLE_OBJC_ARC = YES;
				CLANG_ENABLE_OBJC_WEAK = YES;
				CLANG_WARN_BLOCK_CAPTURE_AUTORELEASING = YES;
				CLANG_WARN_BOOL_CONVERSION = YES;
				CLANG_WARN_COMMA = YES;
				CLANG_WARN_CONSTANT_CONVERSION = YES;
				CLANG_WARN_DEPRECATED_OBJC_IMPLEMENTATIONS = YES;
				CLANG_WARN_DIRECT_OBJC_ISA_USAGE = YES_ERROR;
				CLANG_WARN_DOCUMENTATION_COMMENTS = YES;
				CLANG_WARN_EMPTY_BODY = YES;
				CLANG_WARN_ENUM_CONVERSION = YES;
				CLANG_WARN_INFINITE_RECURSION = YES;
				CLANG_WARN_INT_CONVERSION = YES;
				CLANG_WARN_NON_LITERAL_NULL_CONVERSION = YES;
				CLANG_WARN_OBJC_IMPLICIT_RETAIN_SELF = YES;
				CLANG_WARN_OBJC_LITERAL_CONVERSION = YES;
				CLANG_WARN_OBJC_ROOT_CLASS = YES_ERROR;
				CLANG_WARN_QUOTED_INCLUDE_IN_FRAMEWORK_HEADER = YES;
				CLANG_WARN_RANGE_LOOP_ANALYSIS = YES;
				CLANG_WARN_STRICT_PROTOTYPES = YES;
				CLANG_WARN_SUSPICIOUS_MOVE = YES;
				CLANG_WARN_UNGUARDED_AVAILABILITY = YES_AGGRESSIVE;
				CLANG_WARN_UNREACHABLE_CODE = YES;
				CLANG_WARN__DUPLICATE_METHOD_MATCH = YES;
				COPY_PHASE_STRIP = NO;
				DEBUG_INFORMATION_FORMAT = dwarf;
				DEVELOPMENT_TEAM = 523MDDHYGD;
				ENABLE_STRICT_OBJC_MSGSEND = YES;
				ENABLE_TESTABILITY = YES;
				ENABLE_USER_SCRIPT_SANDBOXING = YES;
				GCC_C_LANGUAGE_STANDARD = gnu17;
				GCC_DYNAMIC_NO_PIC = NO;
				GCC_NO_COMMON_BLOCKS = YES;
				GCC_OPTIMIZATION_LEVEL = 0;
				GCC_PREPROCESSOR_DEFINITIONS = (
					"DEBUG=1",
					"$(inherited)",
				);
				GCC_WARN_64_TO_32_BIT_CONVERSION = YES;
				GCC_WARN_ABOUT_RETURN_TYPE = YES_ERROR;
				GCC_WARN_UNDECLARED_SELECTOR = YES;
				GCC_WARN_UNINITIALIZED_AUTOS = YES_AGGRESSIVE;
				GCC_WARN_UNUSED_FUNCTION = YES;
				GCC_WARN_UNUSED_VARIABLE = YES;
				IPHONEOS_DEPLOYMENT_TARGET = 26.0;
				LOCALIZATION_PREFERS_STRING_CATALOGS = YES;
				MTL_ENABLE_DEBUG_INFO = INCLUDE_SOURCE;
				MTL_FAST_MATH = YES;
				ONLY_ACTIVE_ARCH = YES;
				SDKROOT = iphoneos;
				SWIFT_ACTIVE_COMPILATION_CONDITIONS = "DEBUG $(inherited)";
				SWIFT_OPTIMIZATION_LEVEL = "-Onone";
			};
			name = Debug;
		};
		50F3CD8A2FB7714D00238D41 /* Release */ = {
			isa = XCBuildConfiguration;
			buildSettings = {
				ALWAYS_SEARCH_USER_PATHS = NO;
				ASSETCATALOG_COMPILER_GENERATE_SWIFT_ASSET_SYMBOL_EXTENSIONS = YES;
				CLANG_ANALYZER_NONNULL = YES;
				CLANG_ANALYZER_NUMBER_OBJECT_CONVERSION = YES_AGGRESSIVE;
				CLANG_CXX_LANGUAGE_STANDARD = "gnu++20";
				CLANG_ENABLE_MODULES = YES;
				CLANG_ENABLE_OBJC_ARC = YES;
				CLANG_ENABLE_OBJC_WEAK = YES;
				CLANG_WARN_BLOCK_CAPTURE_AUTORELEASING = YES;
				CLANG_WARN_BOOL_CONVERSION = YES;
				CLANG_WARN_COMMA = YES;
				CLANG_WARN_CONSTANT_CONVERSION = YES;
				CLANG_WARN_DEPRECATED_OBJC_IMPLEMENTATIONS = YES;
				CLANG_WARN_DIRECT_OBJC_ISA_USAGE = YES_ERROR;
				CLANG_WARN_DOCUMENTATION_COMMENTS = YES;
				CLANG_WARN_EMPTY_BODY = YES;
				CLANG_WARN_ENUM_CONVERSION = YES;
				CLANG_WARN_INFINITE_RECURSION = YES;
				CLANG_WARN_INT_CONVERSION = YES;
				CLANG_WARN_NON_LITERAL_NULL_CONVERSION = YES;
				CLANG_WARN_OBJC_IMPLICIT_RETAIN_SELF = YES;
				CLANG_WARN_OBJC_LITERAL_CONVERSION = YES;
				CLANG_WARN_OBJC_ROOT_CLASS = YES_ERROR;
				CLANG_WARN_QUOTED_INCLUDE_IN_FRAMEWORK_HEADER = YES;
				CLANG_WARN_RANGE_LOOP_ANALYSIS = YES;
				CLANG_WARN_STRICT_PROTOTYPES = YES;
				CLANG_WARN_SUSPICIOUS_MOVE = YES;
				CLANG_WARN_UNGUARDED_AVAILABILITY = YES_AGGRESSIVE;
				CLANG_WARN_UNREACHABLE_CODE = YES;
				CLANG_WARN__DUPLICATE_METHOD_MATCH = YES;
				COPY_PHASE_STRIP = NO;
				DEBUG_INFORMATION_FORMAT = "dwarf-with-dsym";
				DEVELOPMENT_TEAM = 523MDDHYGD;
				ENABLE_NS_ASSERTIONS = NO;
				ENABLE_STRICT_OBJC_MSGSEND = YES;
				ENABLE_USER_SCRIPT_SANDBOXING = YES;
				GCC_C_LANGUAGE_STANDARD = gnu17;
				GCC_NO_COMMON_BLOCKS = YES;
				GCC_WARN_64_TO_32_BIT_CONVERSION = YES;
				GCC_WARN_ABOUT_RETURN_TYPE = YES_ERROR;
				GCC_WARN_UNDECLARED_SELECTOR = YES;
				GCC_WARN_UNINITIALIZED_AUTOS = YES_AGGRESSIVE;
				GCC_WARN_UNUSED_FUNCTION = YES;
				GCC_WARN_UNUSED_VARIABLE = YES;
				IPHONEOS_DEPLOYMENT_TARGET = 26.0;
				LOCALIZATION_PREFERS_STRING_CATALOGS = YES;
				MTL_ENABLE_DEBUG_INFO = NO;
				MTL_FAST_MATH = YES;
				SDKROOT = iphoneos;
				SWIFT_COMPILATION_MODE = wholemodule;
				VALIDATE_PRODUCT = YES;
			};
			name = Release;
		};
		50F3CD8C2FB7714D00238D41 /* Debug */ = {
			isa = XCBuildConfiguration;
			buildSettings = {
				ASSETCATALOG_COMPILER_APPICON_NAME = AppIcon;
				ASSETCATALOG_COMPILER_GLOBAL_ACCENT_COLOR_NAME = AccentColor;
				CODE_SIGN_STYLE = Automatic;
				CURRENT_PROJECT_VERSION = 1;
				DEVELOPMENT_TEAM = 523MDDHYGD;
				ENABLE_PREVIEWS = YES;
				GENERATE_INFOPLIST_FILE = YES;
				INFOPLIST_KEY_UIApplicationSceneManifest_Generation = YES;
				INFOPLIST_KEY_UIApplicationSupportsIndirectInputEvents = YES;
				INFOPLIST_KEY_UILaunchScreen_Generation = YES;
				INFOPLIST_KEY_UISupportedInterfaceOrientations_iPad = "UIInterfaceOrientationPortrait UIInterfaceOrientationPortraitUpsideDown UIInterfaceOrientationLandscapeLeft UIInterfaceOrientationLandscapeRight";
				INFOPLIST_KEY_UISupportedInterfaceOrientations_iPhone = "UIInterfaceOrientationPortrait UIInterfaceOrientationLandscapeLeft UIInterfaceOrientationLandscapeRight";
				LD_RUNPATH_SEARCH_PATHS = (
					"$(inherited)",
					"@executable_path/Frameworks",
				);
				MARKETING_VERSION = 1.0;
				PRODUCT_BUNDLE_IDENTIFIER = com.guille.Home;
				PRODUCT_NAME = "$(TARGET_NAME)";
				STRING_CATALOG_GENERATE_SYMBOLS = YES;
				SWIFT_APPROACHABLE_CONCURRENCY = YES;
				SWIFT_DEFAULT_ACTOR_ISOLATION = MainActor;
				SWIFT_EMIT_LOC_STRINGS = YES;
				SWIFT_UPCOMING_FEATURE_MEMBER_IMPORT_VISIBILITY = YES;
				SWIFT_VERSION = 5.0;
				TARGETED_DEVICE_FAMILY = "1,2";
			};
			name = Debug;
		};
		50F3CD8D2FB7714D00238D41 /* Release */ = {
			isa = XCBuildConfiguration;
			buildSettings = {
				ASSETCATALOG_COMPILER_APPICON_NAME = AppIcon;
				ASSETCATALOG_COMPILER_GLOBAL_ACCENT_COLOR_NAME = AccentColor;
				CODE_SIGN_STYLE = Automatic;
				CURRENT_PROJECT_VERSION = 1;
				DEVELOPMENT_TEAM = 523MDDHYGD;
				ENABLE_PREVIEWS = YES;
				GENERATE_INFOPLIST_FILE = YES;
				INFOPLIST_KEY_UIApplicationSceneManifest_Generation = YES;
				INFOPLIST_KEY_UIApplicationSupportsIndirectInputEvents = YES;
				INFOPLIST_KEY_UILaunchScreen_Generation = YES;
				INFOPLIST_KEY_UISupportedInterfaceOrientations_iPad = "UIInterfaceOrientationPortrait UIInterfaceOrientationPortraitUpsideDown UIInterfaceOrientationLandscapeLeft UIInterfaceOrientationLandscapeRight";
				INFOPLIST_KEY_UISupportedInterfaceOrientations_iPhone = "UIInterfaceOrientationPortrait UIInterfaceOrientationLandscapeLeft UIInterfaceOrientationLandscapeRight";
				LD_RUNPATH_SEARCH_PATHS = (
					"$(inherited)",
					"@executable_path/Frameworks",
				);
				MARKETING_VERSION = 1.0;
				PRODUCT_BUNDLE_IDENTIFIER = com.guille.Home;
				PRODUCT_NAME = "$(TARGET_NAME)";
				STRING_CATALOG_GENERATE_SYMBOLS = YES;
				SWIFT_APPROACHABLE_CONCURRENCY = YES;
				SWIFT_DEFAULT_ACTOR_ISOLATION = MainActor;
				SWIFT_EMIT_LOC_STRINGS = YES;
				SWIFT_UPCOMING_FEATURE_MEMBER_IMPORT_VISIBILITY = YES;
				SWIFT_VERSION = 5.0;
				TARGETED_DEVICE_FAMILY = "1,2";
			};
			name = Release;
		};
/* End XCBuildConfiguration section */

/* Begin XCConfigurationList section */
		50F3CD7B2FB7714C00238D41 /* Build configuration list for PBXProject "Home" */ = {
			isa = XCConfigurationList;
			buildConfigurations = (
				50F3CD892FB7714D00238D41 /* Debug */,
				50F3CD8A2FB7714D00238D41 /* Release */,
			);
			defaultConfigurationIsVisible = 0;
			defaultConfigurationName = Release;
		};
		50F3CD8B2FB7714D00238D41 /* Build configuration list for PBXNativeTarget "Home" */ = {
			isa = XCConfigurationList;
			buildConfigurations = (
				50F3CD8C2FB7714D00238D41 /* Debug */,
				50F3CD8D2FB7714D00238D41 /* Release */,
			);
			defaultConfigurationIsVisible = 0;
			defaultConfigurationName = Release;
		};
/* End XCConfigurationList section */
	};
	rootObject = 50F3CD782FB7714C00238D41 /* Project object */;
}
