// !$*UTF8*$!
{
	archiveVersion = 1;
	classes = {
	};
	objectVersion = 77;
	objects = {

/* Begin PBXBuildFile section */
		00B2E6DC3F934773A9D00249 /* PetAvatarView.swift in Sources */ = {isa = PBXBuildFile; fileRef = AB7176104FF64E3885D42B3C /* PetAvatarView.swift */; };
		0D4B7552A2AE6EDECF7ABCCB /* ProductCategory.swift in Sources */ = {isa = PBXBuildFile; fileRef = 41FE432DDA91EAABD7776413 /* ProductCategory.swift */; };
		13BC5B2F5A754F9C9C0364F2 /* SupabaseStore+Meals.swift in Sources */ = {isa = PBXBuildFile; fileRef = 54D020C3C3350CD92309BE0A /* SupabaseStore+Meals.swift */; };
		177344A93532918662461240 /* ShoppingView.swift in Sources */ = {isa = PBXBuildFile; fileRef = 006B3D99E6B0E67C823B73FD /* ShoppingView.swift */; };
		1DBC79FB65E14D45B82A6C9C /* Veterinarian.swift in Sources */ = {isa = PBXBuildFile; fileRef = 2C6856914DFD42828E88B77E /* Veterinarian.swift */; };
		1EE7584B5E8B2CD828D65E1F /* Meal.swift in Sources */ = {isa = PBXBuildFile; fileRef = BD71C92C5B049383A7F07FC2 /* Meal.swift */; };
		2387E1C24DF4C8261A442AE7 /* MealEntry.swift in Sources */ = {isa = PBXBuildFile; fileRef = DD5A137BF574ECD289B8183D /* MealEntry.swift */; };
		2B49E3B0A73264B5D0EED88A /* FeatureCard.swift in Sources */ = {isa = PBXBuildFile; fileRef = B69A10084EFE887518B77FB0 /* FeatureCard.swift */; };
		3518BC31BAA6CAAADB8D441A /* MealEditSheet.swift in Sources */ = {isa = PBXBuildFile; fileRef = 5AD66EDD532381FB799F4208 /* MealEditSheet.swift */; };
		432CC1C59252275CCB99215B /* SupabaseStoreMealTests.swift in Sources */ = {isa = PBXBuildFile; fileRef = 934BB72A2A2516A2E5E46923 /* SupabaseStoreMealTests.swift */; };
		487BFB610D56E7AC892FF345 /* MealSuggestionTests.swift in Sources */ = {isa = PBXBuildFile; fileRef = 293F0243ED37D3F7F866C341 /* MealSuggestionTests.swift */; };
		4A35A9683B81824C94041330 /* MealProduct.swift in Sources */ = {isa = PBXBuildFile; fileRef = 0DF0650AAC8C151554C098B6 /* MealProduct.swift */; };
		4D1D0499AA48304EB0FA2FF4 /* MealProductPicker.swift in Sources */ = {isa = PBXBuildFile; fileRef = 932AAC9315EAFE3741709AE7 /* MealProductPicker.swift */; };
		50734A802FD0A83E00553B07 /* Assets.xcassets in Resources */ = {isa = PBXBuildFile; fileRef = 50734A7F2FD0A83E00553B07 /* Assets.xcassets */; };
		507823BB2FBCF2E10042E71E /* Auth in Frameworks */ = {isa = PBXBuildFile; productRef = 507823BA2FBCF2E10042E71E /* Auth */; };
		507823BD2FBCF2E10042E71E /* Functions in Frameworks */ = {isa = PBXBuildFile; productRef = 507823BC2FBCF2E10042E71E /* Functions */; };
		507823BF2FBCF2E10042E71E /* PostgREST in Frameworks */ = {isa = PBXBuildFile; productRef = 507823BE2FBCF2E10042E71E /* PostgREST */; };
		507823C12FBCF2E10042E71E /* Storage in Frameworks */ = {isa = PBXBuildFile; productRef = 507823C02FBCF2E10042E71E /* Storage */; };
		507823C32FBCF2E10042E71E /* Supabase in Frameworks */ = {isa = PBXBuildFile; productRef = 507823C22FBCF2E10042E71E /* Supabase */; };
		5793579B326ADCE50A1CD189 /* MealSuggestion.swift in Sources */ = {isa = PBXBuildFile; fileRef = 2B8B994CF9E69594B9A07ACA /* MealSuggestion.swift */; };
		5B333B1BDEF4E93AC16D9136 /* MainTabView.swift in Sources */ = {isa = PBXBuildFile; fileRef = 2C2D908018579E74C4F6DE3F /* MainTabView.swift */; };
		68AEAB43A2107550172A58AE /* HomeApp.swift in Sources */ = {isa = PBXBuildFile; fileRef = A4CDCB58B9C74EE5C806160F /* HomeApp.swift */; };
		7B3F134A6198452D02FFBF45 /* ShoppingListTests.swift in Sources */ = {isa = PBXBuildFile; fileRef = 8E48459EB4143A86114B4178 /* ShoppingListTests.swift */; };
		81D685B707C9582581ADFB87 /* PetsView.swift in Sources */ = {isa = PBXBuildFile; fileRef = 61235AB3CE535474EAE6415F /* PetsView.swift */; };
		86FAEA64D9AE43EBB5CE9ED1 /* Appointment.swift in Sources */ = {isa = PBXBuildFile; fileRef = DBE699B39D6D42F2BA958119 /* Appointment.swift */; };
		8A93AD27062449ECBE2D8C71 /* ClinicalEntry.swift in Sources */ = {isa = PBXBuildFile; fileRef = D0894A58F3E0471E870AA5A4 /* ClinicalEntry.swift */; };
		933BA309D7D1C551B6B392D5 /* SupermarketTests.swift in Sources */ = {isa = PBXBuildFile; fileRef = E0A7B5E764753BED9E8D27EC /* SupermarketTests.swift */; };
		93672456092DE1FF2A6392C5 /* MenuView.swift in Sources */ = {isa = PBXBuildFile; fileRef = 52F12A83C676197BA7862B03 /* MenuView.swift */; };
		96A6927DAC9046738B759A900327673D /* SupabaseConfig.swift in Sources */ = {isa = PBXBuildFile; fileRef = BEE741125AA949498F90211C36D7FA12 /* SupabaseConfig.swift */; };
		AA11BB22CC33DD44EE55FF66 /* VetTabView.swift in Sources */ = {isa = PBXBuildFile; fileRef = AA11BB22CC33DD44EE55FF01 /* VetTabView.swift */; };
		AA22BB33CC44DD55EE6600BB /* AddAppointmentSheet.swift in Sources */ = {isa = PBXBuildFile; fileRef = AA22BB33CC44DD55EE6600A2 /* AddAppointmentSheet.swift */; };
		AB11CD22EF33AB44CD55EF01 /* AddClinicalEntrySheet.swift in Sources */ = {isa = PBXBuildFile; fileRef = AB11CD22EF33AB44CD55EF11 /* AddClinicalEntrySheet.swift */; };
		AB22CD33EF44AB55CD66EF02 /* ClinicalEntryDetailView.swift in Sources */ = {isa = PBXBuildFile; fileRef = AB22CD33EF44AB55CD66EF12 /* ClinicalEntryDetailView.swift */; };
		AB33CD44EF55AB66CD77EF03 /* FilePickerCoordinator.swift in Sources */ = {isa = PBXBuildFile; fileRef = AB33CD44EF55AB66CD77EF13 /* FilePickerCoordinator.swift */; };
		AB44CD55EF66AB77CD88EF04 /* FilePreviewView.swift in Sources */ = {isa = PBXBuildFile; fileRef = AB44CD55EF66AB77CD88EF14 /* FilePreviewView.swift */; };
		AD28BC8FE3FF44A7A23C3ABE /* PetEvent.swift in Sources */ = {isa = PBXBuildFile; fileRef = 64A61C82CA7D4580AEE3FD8F /* PetEvent.swift */; };
		B611D6F8A81DCC192451C3BF /* Supermarket.swift in Sources */ = {isa = PBXBuildFile; fileRef = BFD721BF9855C09D131A9116 /* Supermarket.swift */; };
		B767693EAE3C3E0144D52B3E /* ProductCategoryTests.swift in Sources */ = {isa = PBXBuildFile; fileRef = 7992BC0AD8B24DC8437E5EFF /* ProductCategoryTests.swift */; };
		BB22CC33DD44EE55FF6600AA /* AppointmentsTabView.swift in Sources */ = {isa = PBXBuildFile; fileRef = BB22CC33DD44EE55FF6600A1 /* AppointmentsTabView.swift */; };
		BD3751E8C32A05906722913A /* MealSlotRow.swift in Sources */ = {isa = PBXBuildFile; fileRef = 1E4A3A21671ACE388CBA0BFD /* MealSlotRow.swift */; };
		BE50151A59558186C1FD92D1 /* PetRow.swift in Sources */ = {isa = PBXBuildFile; fileRef = 2FD0EC17349AAB28CC54A5CB /* PetRow.swift */; };
		C1A823780AE3489A95BE163E /* PetDetailView.swift in Sources */ = {isa = PBXBuildFile; fileRef = 55D97A7920684FC9B46E5FCE /* PetDetailView.swift */; };
		C463AF969E5CA773A779B96E /* MealTests.swift in Sources */ = {isa = PBXBuildFile; fileRef = 69881983A539D6462A7613E0 /* MealTests.swift */; };
		C5FC049B579BEC4CBF8EC041 /* ContentView.swift in Sources */ = {isa = PBXBuildFile; fileRef = DD1794F5A736E951E42FC707 /* ContentView.swift */; };
		CA00BB11CC22DD33EE44FF05 /* ExtractionResultSheet.swift in Sources */ = {isa = PBXBuildFile; fileRef = CA00BB11CC22DD33EE44FF15 /* ExtractionResultSheet.swift */; };
		CA00BB11CC22DD33EE44FF06 /* ExtractionService.swift in Sources */ = {isa = PBXBuildFile; fileRef = CA00BB11CC22DD33EE44FF16 /* ExtractionService.swift */; };
		CA11BB22CC33DD44EE55FF01 /* CalendarService.swift in Sources */ = {isa = PBXBuildFile; fileRef = CA11BB22CC33DD44EE55FF00 /* CalendarService.swift */; };
		CA9DE06184F63452D58A9A8A /* MealEntryTests.swift in Sources */ = {isa = PBXBuildFile; fileRef = 52052EE4A2810E6E1E457AA5 /* MealEntryTests.swift */; };
		CC33DD44EE55FF6600AABB22 /* ClinicalHistoryTabView.swift in Sources */ = {isa = PBXBuildFile; fileRef = CC33DD44EE55FF6600AABB11 /* ClinicalHistoryTabView.swift */; };
		CC44DD55EE55FF6600AABB33 /* ClinicalEntryRow.swift in Sources */ = {isa = PBXBuildFile; fileRef = CC44DD55EE55FF6600AABB22 /* ClinicalEntryRow.swift */; };
		CD57016D61746F8775546D4B /* HomeView.swift in Sources */ = {isa = PBXBuildFile; fileRef = 06C806DCF5034FAB66D7D2B8 /* HomeView.swift */; };
		DD44EE55FF6600AABB22CC33 /* EventsTabView.swift in Sources */ = {isa = PBXBuildFile; fileRef = DD44EE55FF6600AABB22CC01 /* EventsTabView.swift */; };
		EE55FF6600AABB22CC33DD44 /* FilesTabView.swift in Sources */ = {isa = PBXBuildFile; fileRef = EE55FF6600AABB22CC33DD01 /* FilesTabView.swift */; };
		EE66FF7700BBCC33DD44EE05 /* AddEventSheet.swift in Sources */ = {isa = PBXBuildFile; fileRef = EE66FF7700BBCC33DD44EE15 /* AddEventSheet.swift */; };
		EE77FF8811CCDD44EE55FF06 /* EventDetailView.swift in Sources */ = {isa = PBXBuildFile; fileRef = EE77FF8811CCDD44EE55FF16 /* EventDetailView.swift */; };
		EE88FF9922DDEE55FF6600B7 /* EventRow.swift in Sources */ = {isa = PBXBuildFile; fileRef = EE88FF9922DDEE55FF6600A7 /* EventRow.swift */; };
		F0E66C11605B468E99213400 /* PetFile.swift in Sources */ = {isa = PBXBuildFile; fileRef = D337BEEFF45641A7A41446D8 /* PetFile.swift */; };
		F590EDE5C7BE12EF7ED81623 /* Pet.swift in Sources */ = {isa = PBXBuildFile; fileRef = 73C53F1CBE01F7F807567F82 /* Pet.swift */; };
		F6CB90A89DEF180C6DEF7A95 /* Weekday.swift in Sources */ = {isa = PBXBuildFile; fileRef = E32930F19D9DF1811CABFFA3 /* Weekday.swift */; };
		FF11AA22BB33CC44DD55EE77 /* VetEditSheet.swift in Sources */ = {isa = PBXBuildFile; fileRef = FF11AA22BB33CC44DD55EE01 /* VetEditSheet.swift */; };
		FF55AA66BB77CC88DD99EE01 /* KeychainService.swift in Sources */ = {isa = PBXBuildFile; fileRef = FF55AA66BB77CC88DD99EE00 /* KeychainService.swift */; };
		HM00AA11BB22CC33DD44EE11 /* HomeItem.swift in Sources */ = {isa = PBXBuildFile; fileRef = HM00AA11BB22CC33DD44EE01 /* HomeItem.swift */; };
		HM00AA11BB22CC33DD44EE12 /* HouseholdTask.swift in Sources */ = {isa = PBXBuildFile; fileRef = HM00AA11BB22CC33DD44EE02 /* HouseholdTask.swift */; };
		HM00AA11BB22CC33DD44EE13 /* HomeItemRow.swift in Sources */ = {isa = PBXBuildFile; fileRef = HM00AA11BB22CC33DD44EE03 /* HomeItemRow.swift */; };
		HM00AA11BB22CC33DD44EE14 /* HouseholdTaskSheet.swift in Sources */ = {isa = PBXBuildFile; fileRef = HM00AA11BB22CC33DD44EE04 /* HouseholdTaskSheet.swift */; };
		HM00AA11BB22CC33DD44EE15 /* TaskSection.swift in Sources */ = {isa = PBXBuildFile; fileRef = HM00AA11BB22CC33DD44EE05 /* TaskSection.swift */; };
		HM00AA11BB22CC33DD44EE16 /* SFSymbolPicker.swift in Sources */ = {isa = PBXBuildFile; fileRef = HM00AA11BB22CC33DD44EE06 /* SFSymbolPicker.swift */; };
		HM00AA11BB22CC33DD44EE17 /* TaskSectionPicker.swift in Sources */ = {isa = PBXBuildFile; fileRef = HM00AA11BB22CC33DD44EE07 /* TaskSectionPicker.swift */; };
		HT00AA11BB22CC33DD44EE02 /* ExtractionServiceTests.swift in Sources */ = {isa = PBXBuildFile; fileRef = HT00AA11BB22CC33DD44EE12 /* ExtractionServiceTests.swift */; };
		HT00AA11BB22CC33DD44EE03 /* Home.app in Frameworks */ = {isa = PBXBuildFile; fileRef = 50F3CD802FB7714C00238D41 /* Home.app */; };
		HT00AA11BB22CC33DD44EE04 /* SupabaseStoreTests.swift in Sources */ = {isa = PBXBuildFile; fileRef = HT00AA11BB22CC33DD44EE14 /* SupabaseStoreTests.swift */; };
		HT00AA11BB22CC33DD44EE06 /* HomeItemTests.swift in Sources */ = {isa = PBXBuildFile; fileRef = HT00AA11BB22CC33DD44EE16 /* HomeItemTests.swift */; };
		HT00AA11BB22CC33DD44EE07 /* PetModelTests.swift in Sources */ = {isa = PBXBuildFile; fileRef = HT00AA11BB22CC33DD44EE17 /* PetModelTests.swift */; };
		HT00AA11BB22CC33DD44EE08 /* SupabaseStoreFilterTests.swift in Sources */ = {isa = PBXBuildFile; fileRef = HT00AA11BB22CC33DD44EE18 /* SupabaseStoreFilterTests.swift */; };
		SC00AA11BB22CC33DD44EE03 /* StockCompletionTests.swift in Sources */ = {isa = PBXBuildFile; fileRef = SC00AA11BB22CC33DD44EE02 /* StockCompletionTests.swift */; };
		SS00AA11BB22CC33DD44EE01 /* SupabaseStore.swift in Sources */ = {isa = PBXBuildFile; fileRef = SS00AA11BB22CC33DD44EE00 /* SupabaseStore.swift */; };
		ST00AA11BB22CC33DD44EE01 /* StockProduct.swift in Sources */ = {isa = PBXBuildFile; fileRef = ST00AA11BB22CC33DD44EE00 /* StockProduct.swift */; };
		ST00AA11BB22CC33DD44EE03 /* StockProductTests.swift in Sources */ = {isa = PBXBuildFile; fileRef = ST00AA11BB22CC33DD44EE02 /* StockProductTests.swift */; };
		ST00AA11BB22CC33DD44EE05 /* StockProductRow.swift in Sources */ = {isa = PBXBuildFile; fileRef = ST00AA11BB22CC33DD44EE04 /* StockProductRow.swift */; };
		ST00AA11BB22CC33DD44EE07 /* AddStockProductSheet.swift in Sources */ = {isa = PBXBuildFile; fileRef = ST00AA11BB22CC33DD44EE06 /* AddStockProductSheet.swift */; };
		ST00AA11BB22CC33DD44EE09 /* StockView.swift in Sources */ = {isa = PBXBuildFile; fileRef = ST00AA11BB22CC33DD44EE08 /* StockView.swift */; };
		UR00AA11BB22CC33DD44EE01 /* UIImage+Resize.swift in Sources */ = {isa = PBXBuildFile; fileRef = UR00AA11BB22CC33DD44EE00 /* UIImage+Resize.swift */; };
		UR00AA11BB22CC33DD44EE02 /* UIImageResizeTests.swift in Sources */ = {isa = PBXBuildFile; fileRef = UR00AA11BB22CC33DD44EE10 /* UIImageResizeTests.swift */; };
/* End PBXBuildFile section */

/* Begin PBXContainerItemProxy section */
		HT00AA11BB22CC33DD44EE24 /* PBXContainerItemProxy */ = {
			isa = PBXContainerItemProxy;
			containerPortal = 50F3CD782FB7714C00238D41 /* Project object */;
			proxyType = 1;
			remoteGlobalIDString = 50F3CD7F2FB7714C00238D41;
			remoteInfo = Home;
		};
/* End PBXContainerItemProxy section */

/* Begin PBXFileReference section */
		006B3D99E6B0E67C823B73FD /* ShoppingView.swift */ = {isa = PBXFileReference; includeInIndex = 1; lastKnownFileType = sourcecode.swift; path = ShoppingView.swift; sourceTree = "<group>"; };
		06C806DCF5034FAB66D7D2B8 /* HomeView.swift */ = {isa = PBXFileReference; includeInIndex = 1; lastKnownFileType = sourcecode.swift; path = HomeView.swift; sourceTree = "<group>"; };
		0DF0650AAC8C151554C098B6 /* MealProduct.swift */ = {isa = PBXFileReference; includeInIndex = 1; lastKnownFileType = sourcecode.swift; path = MealProduct.swift; sourceTree = "<group>"; };
		1E4A3A21671ACE388CBA0BFD /* MealSlotRow.swift */ = {isa = PBXFileReference; includeInIndex = 1; lastKnownFileType = sourcecode.swift; path = MealSlotRow.swift; sourceTree = "<group>"; };
		293F0243ED37D3F7F866C341 /* MealSuggestionTests.swift */ = {isa = PBXFileReference; includeInIndex = 1; lastKnownFileType = sourcecode.swift; path = MealSuggestionTests.swift; sourceTree = "<group>"; };
		2B8B994CF9E69594B9A07ACA /* MealSuggestion.swift */ = {isa = PBXFileReference; includeInIndex = 1; lastKnownFileType = sourcecode.swift; path = MealSuggestion.swift; sourceTree = "<group>"; };
		2C2D908018579E74C4F6DE3F /* MainTabView.swift */ = {isa = PBXFileReference; includeInIndex = 1; lastKnownFileType = sourcecode.swift; path = MainTabView.swift; sourceTree = "<group>"; };
		2C6856914DFD42828E88B77E /* Veterinarian.swift */ = {isa = PBXFileReference; includeInIndex = 1; lastKnownFileType = sourcecode.swift; path = Veterinarian.swift; sourceTree = "<group>"; };
		2FD0EC17349AAB28CC54A5CB /* PetRow.swift */ = {isa = PBXFileReference; includeInIndex = 1; lastKnownFileType = sourcecode.swift; path = PetRow.swift; sourceTree = "<group>"; };
		41FE432DDA91EAABD7776413 /* ProductCategory.swift */ = {isa = PBXFileReference; includeInIndex = 1; lastKnownFileType = sourcecode.swift; path = ProductCategory.swift; sourceTree = "<group>"; };
		50734A7F2FD0A83E00553B07 /* Assets.xcassets */ = {isa = PBXFileReference; lastKnownFileType = folder.assetcatalog; path = Assets.xcassets; sourceTree = "<group>"; };
		507823C42FBCF3AF0042E71E /* Config.xcconfig */ = {isa = PBXFileReference; lastKnownFileType = text.xcconfig; path = Config.xcconfig; sourceTree = "<group>"; };
		507823C52FBCF4BD0042E71E /* Info.plist */ = {isa = PBXFileReference; lastKnownFileType = text.plist; path = Info.plist; sourceTree = "<group>"; };
		50F3CD802FB7714C00238D41 /* Home.app */ = {isa = PBXFileReference; explicitFileType = wrapper.application; includeInIndex = 0; path = Home.app; sourceTree = BUILT_PRODUCTS_DIR; };
		52052EE4A2810E6E1E457AA5 /* MealEntryTests.swift */ = {isa = PBXFileReference; includeInIndex = 1; lastKnownFileType = sourcecode.swift; path = MealEntryTests.swift; sourceTree = "<group>"; };
		52F12A83C676197BA7862B03 /* MenuView.swift */ = {isa = PBXFileReference; includeInIndex = 1; lastKnownFileType = sourcecode.swift; path = MenuView.swift; sourceTree = "<group>"; };
		54D020C3C3350CD92309BE0A /* SupabaseStore+Meals.swift */ = {isa = PBXFileReference; includeInIndex = 1; lastKnownFileType = sourcecode.swift; path = "SupabaseStore+Meals.swift"; sourceTree = "<group>"; };
		55D97A7920684FC9B46E5FCE /* PetDetailView.swift */ = {isa = PBXFileReference; includeInIndex = 1; lastKnownFileType = sourcecode.swift; path = PetDetailView.swift; sourceTree = "<group>"; };
		5AD66EDD532381FB799F4208 /* MealEditSheet.swift */ = {isa = PBXFileReference; includeInIndex = 1; lastKnownFileType = sourcecode.swift; path = MealEditSheet.swift; sourceTree = "<group>"; };
		61235AB3CE535474EAE6415F /* PetsView.swift */ = {isa = PBXFileReference; includeInIndex = 1; lastKnownFileType = sourcecode.swift; path = PetsView.swift; sourceTree = "<group>"; };
		64A61C82CA7D4580AEE3FD8F /* PetEvent.swift */ = {isa = PBXFileReference; includeInIndex = 1; lastKnownFileType = sourcecode.swift; path = PetEvent.swift; sourceTree = "<group>"; };
		69881983A539D6462A7613E0 /* MealTests.swift */ = {isa = PBXFileReference; includeInIndex = 1; lastKnownFileType = sourcecode.swift; path = MealTests.swift; sourceTree = "<group>"; };
		73C53F1CBE01F7F807567F82 /* Pet.swift */ = {isa = PBXFileReference; includeInIndex = 1; lastKnownFileType = sourcecode.swift; path = Pet.swift; sourceTree = "<group>"; };
		7992BC0AD8B24DC8437E5EFF /* ProductCategoryTests.swift */ = {isa = PBXFileReference; includeInIndex = 1; lastKnownFileType = sourcecode.swift; path = ProductCategoryTests.swift; sourceTree = "<group>"; };
		8E48459EB4143A86114B4178 /* ShoppingListTests.swift */ = {isa = PBXFileReference; includeInIndex = 1; lastKnownFileType = sourcecode.swift; name = ShoppingListTests.swift; path = HomeTests/ShoppingListTests.swift; sourceTree = "<group>"; };
		932AAC9315EAFE3741709AE7 /* MealProductPicker.swift */ = {isa = PBXFileReference; includeInIndex = 1; lastKnownFileType = sourcecode.swift; path = MealProductPicker.swift; sourceTree = "<group>"; };
		934BB72A2A2516A2E5E46923 /* SupabaseStoreMealTests.swift */ = {isa = PBXFileReference; includeInIndex = 1; lastKnownFileType = sourcecode.swift; path = SupabaseStoreMealTests.swift; sourceTree = "<group>"; };
		A4CDCB58B9C74EE5C806160F /* HomeApp.swift */ = {isa = PBXFileReference; includeInIndex = 1; lastKnownFileType = sourcecode.swift; path = HomeApp.swift; sourceTree = "<group>"; };
		AA11BB22CC33DD44EE55FF01 /* VetTabView.swift */ = {isa = PBXFileReference; includeInIndex = 1; lastKnownFileType = sourcecode.swift; path = VetTabView.swift; sourceTree = "<group>"; };
		AA22BB33CC44DD55EE6600A2 /* AddAppointmentSheet.swift */ = {isa = PBXFileReference; includeInIndex = 1; lastKnownFileType = sourcecode.swift; path = AddAppointmentSheet.swift; sourceTree = "<group>"; };
		AB11CD22EF33AB44CD55EF11 /* AddClinicalEntrySheet.swift */ = {isa = PBXFileReference; includeInIndex = 1; lastKnownFileType = sourcecode.swift; path = AddClinicalEntrySheet.swift; sourceTree = "<group>"; };
		AB22CD33EF44AB55CD66EF12 /* ClinicalEntryDetailView.swift */ = {isa = PBXFileReference; includeInIndex = 1; lastKnownFileType = sourcecode.swift; path = ClinicalEntryDetailView.swift; sourceTree = "<group>"; };
		AB33CD44EF55AB66CD77EF13 /* FilePickerCoordinator.swift */ = {isa = PBXFileReference; includeInIndex = 1; lastKnownFileType = sourcecode.swift; path = FilePickerCoordinator.swift; sourceTree = "<group>"; };
		AB44CD55EF66AB77CD88EF14 /* FilePreviewView.swift */ = {isa = PBXFileReference; includeInIndex = 1; lastKnownFileType = sourcecode.swift; path = FilePreviewView.swift; sourceTree = "<group>"; };
		AB7176104FF64E3885D42B3C /* PetAvatarView.swift */ = {isa = PBXFileReference; includeInIndex = 1; lastKnownFileType = sourcecode.swift; path = PetAvatarView.swift; sourceTree = "<group>"; };
		B69A10084EFE887518B77FB0 /* FeatureCard.swift */ = {isa = PBXFileReference; includeInIndex = 1; lastKnownFileType = sourcecode.swift; path = FeatureCard.swift; sourceTree = "<group>"; };
		BB22CC33DD44EE55FF6600A1 /* AppointmentsTabView.swift */ = {isa = PBXFileReference; includeInIndex = 1; lastKnownFileType = sourcecode.swift; path = AppointmentsTabView.swift; sourceTree = "<group>"; };
		BD71C92C5B049383A7F07FC2 /* Meal.swift */ = {isa = PBXFileReference; includeInIndex = 1; lastKnownFileType = sourcecode.swift; path = Meal.swift; sourceTree = "<group>"; };
		BEE741125AA949498F90211C36D7FA12 /* SupabaseConfig.swift */ = {isa = PBXFileReference; includeInIndex = 1; lastKnownFileType = sourcecode.swift; path = SupabaseConfig.swift; sourceTree = "<group>"; };
		BFD721BF9855C09D131A9116 /* Supermarket.swift */ = {isa = PBXFileReference; includeInIndex = 1; lastKnownFileType = sourcecode.swift; path = Supermarket.swift; sourceTree = "<group>"; };
		CA00BB11CC22DD33EE44FF15 /* ExtractionResultSheet.swift */ = {isa = PBXFileReference; includeInIndex = 1; lastKnownFileType = sourcecode.swift; path = ExtractionResultSheet.swift; sourceTree = "<group>"; };
		CA00BB11CC22DD33EE44FF16 /* ExtractionService.swift */ = {isa = PBXFileReference; includeInIndex = 1; lastKnownFileType = sourcecode.swift; path = ExtractionService.swift; sourceTree = "<group>"; };
		CA11BB22CC33DD44EE55FF00 /* CalendarService.swift */ = {isa = PBXFileReference; includeInIndex = 1; lastKnownFileType = sourcecode.swift; path = CalendarService.swift; sourceTree = "<group>"; };
		CC33DD44EE55FF6600AABB11 /* ClinicalHistoryTabView.swift */ = {isa = PBXFileReference; includeInIndex = 1; lastKnownFileType = sourcecode.swift; path = ClinicalHistoryTabView.swift; sourceTree = "<group>"; };
		CC44DD55EE55FF6600AABB22 /* ClinicalEntryRow.swift */ = {isa = PBXFileReference; includeInIndex = 1; lastKnownFileType = sourcecode.swift; path = ClinicalEntryRow.swift; sourceTree = "<group>"; };
		D0894A58F3E0471E870AA5A4 /* ClinicalEntry.swift */ = {isa = PBXFileReference; includeInIndex = 1; lastKnownFileType = sourcecode.swift; path = ClinicalEntry.swift; sourceTree = "<group>"; };
		D337BEEFF45641A7A41446D8 /* PetFile.swift */ = {isa = PBXFileReference; includeInIndex = 1; lastKnownFileType = sourcecode.swift; path = PetFile.swift; sourceTree = "<group>"; };
		DBE699B39D6D42F2BA958119 /* Appointment.swift */ = {isa = PBXFileReference; includeInIndex = 1; lastKnownFileType = sourcecode.swift; path = Appointment.swift; sourceTree = "<group>"; };
		DD1794F5A736E951E42FC707 /* ContentView.swift */ = {isa = PBXFileReference; includeInIndex = 1; lastKnownFileType = sourcecode.swift; path = ContentView.swift; sourceTree = "<group>"; };
		DD44EE55FF6600AABB22CC01 /* EventsTabView.swift */ = {isa = PBXFileReference; includeInIndex = 1; lastKnownFileType = sourcecode.swift; path = EventsTabView.swift; sourceTree = "<group>"; };
		DD5A137BF574ECD289B8183D /* MealEntry.swift */ = {isa = PBXFileReference; includeInIndex = 1; lastKnownFileType = sourcecode.swift; path = MealEntry.swift; sourceTree = "<group>"; };
		E0A7B5E764753BED9E8D27EC /* SupermarketTests.swift */ = {isa = PBXFileReference; includeInIndex = 1; lastKnownFileType = sourcecode.swift; path = SupermarketTests.swift; sourceTree = "<group>"; };
		E32930F19D9DF1811CABFFA3 /* Weekday.swift */ = {isa = PBXFileReference; includeInIndex = 1; lastKnownFileType = sourcecode.swift; path = Weekday.swift; sourceTree = "<group>"; };
		EE55FF6600AABB22CC33DD01 /* FilesTabView.swift */ = {isa = PBXFileReference; includeInIndex = 1; lastKnownFileType = sourcecode.swift; path = FilesTabView.swift; sourceTree = "<group>"; };
		EE66FF7700BBCC33DD44EE15 /* AddEventSheet.swift */ = {isa = PBXFileReference; includeInIndex = 1; lastKnownFileType = sourcecode.swift; path = AddEventSheet.swift; sourceTree = "<group>"; };
		EE77FF8811CCDD44EE55FF16 /* EventDetailView.swift */ = {isa = PBXFileReference; includeInIndex = 1; lastKnownFileType = sourcecode.swift; path = EventDetailView.swift; sourceTree = "<group>"; };
		EE88FF9922DDEE55FF6600A7 /* EventRow.swift */ = {isa = PBXFileReference; includeInIndex = 1; lastKnownFileType = sourcecode.swift; path = EventRow.swift; sourceTree = "<group>"; };
		FF11AA22BB33CC44DD55EE01 /* VetEditSheet.swift */ = {isa = PBXFileReference; includeInIndex = 1; lastKnownFileType = sourcecode.swift; path = VetEditSheet.swift; sourceTree = "<group>"; };
		FF55AA66BB77CC88DD99EE00 /* KeychainService.swift */ = {isa = PBXFileReference; includeInIndex = 1; lastKnownFileType = sourcecode.swift; path = KeychainService.swift; sourceTree = "<group>"; };
		HM00AA11BB22CC33DD44EE01 /* HomeItem.swift */ = {isa = PBXFileReference; includeInIndex = 1; lastKnownFileType = sourcecode.swift; path = HomeItem.swift; sourceTree = "<group>"; };
		HM00AA11BB22CC33DD44EE02 /* HouseholdTask.swift */ = {isa = PBXFileReference; includeInIndex = 1; lastKnownFileType = sourcecode.swift; path = HouseholdTask.swift; sourceTree = "<group>"; };
		HM00AA11BB22CC33DD44EE03 /* HomeItemRow.swift */ = {isa = PBXFileReference; includeInIndex = 1; lastKnownFileType = sourcecode.swift; path = HomeItemRow.swift; sourceTree = "<group>"; };
		HM00AA11BB22CC33DD44EE04 /* HouseholdTaskSheet.swift */ = {isa = PBXFileReference; includeInIndex = 1; lastKnownFileType = sourcecode.swift; path = HouseholdTaskSheet.swift; sourceTree = "<group>"; };
		HM00AA11BB22CC33DD44EE05 /* TaskSection.swift */ = {isa = PBXFileReference; includeInIndex = 1; lastKnownFileType = sourcecode.swift; path = TaskSection.swift; sourceTree = "<group>"; };
		HM00AA11BB22CC33DD44EE06 /* SFSymbolPicker.swift */ = {isa = PBXFileReference; includeInIndex = 1; lastKnownFileType = sourcecode.swift; path = SFSymbolPicker.swift; sourceTree = "<group>"; };
		HM00AA11BB22CC33DD44EE07 /* TaskSectionPicker.swift */ = {isa = PBXFileReference; includeInIndex = 1; lastKnownFileType = sourcecode.swift; path = TaskSectionPicker.swift; sourceTree = "<group>"; };
		HT00AA11BB22CC33DD44EE12 /* ExtractionServiceTests.swift */ = {isa = PBXFileReference; includeInIndex = 1; lastKnownFileType = sourcecode.swift; path = ExtractionServiceTests.swift; sourceTree = "<group>"; };
		HT00AA11BB22CC33DD44EE13 /* HomeTests.xctest */ = {isa = PBXFileReference; explicitFileType = wrapper.cfbundle; includeInIndex = 0; path = HomeTests.xctest; sourceTree = BUILT_PRODUCTS_DIR; };
		HT00AA11BB22CC33DD44EE14 /* SupabaseStoreTests.swift */ = {isa = PBXFileReference; includeInIndex = 1; lastKnownFileType = sourcecode.swift; path = SupabaseStoreTests.swift; sourceTree = "<group>"; };
		HT00AA11BB22CC33DD44EE16 /* HomeItemTests.swift */ = {isa = PBXFileReference; includeInIndex = 1; lastKnownFileType = sourcecode.swift; path = HomeItemTests.swift; sourceTree = "<group>"; };
		HT00AA11BB22CC33DD44EE17 /* PetModelTests.swift */ = {isa = PBXFileReference; includeInIndex = 1; lastKnownFileType = sourcecode.swift; path = PetModelTests.swift; sourceTree = "<group>"; };
		HT00AA11BB22CC33DD44EE18 /* SupabaseStoreFilterTests.swift */ = {isa = PBXFileReference; includeInIndex = 1; lastKnownFileType = sourcecode.swift; path = SupabaseStoreFilterTests.swift; sourceTree = "<group>"; };
		SC00AA11BB22CC33DD44EE02 /* StockCompletionTests.swift */ = {isa = PBXFileReference; includeInIndex = 1; lastKnownFileType = sourcecode.swift; path = StockCompletionTests.swift; sourceTree = "<group>"; };
		SS00AA11BB22CC33DD44EE00 /* SupabaseStore.swift */ = {isa = PBXFileReference; includeInIndex = 1; lastKnownFileType = sourcecode.swift; path = SupabaseStore.swift; sourceTree = "<group>"; };
		ST00AA11BB22CC33DD44EE00 /* StockProduct.swift */ = {isa = PBXFileReference; includeInIndex = 1; lastKnownFileType = sourcecode.swift; path = StockProduct.swift; sourceTree = "<group>"; };
		ST00AA11BB22CC33DD44EE02 /* StockProductTests.swift */ = {isa = PBXFileReference; includeInIndex = 1; lastKnownFileType = sourcecode.swift; path = StockProductTests.swift; sourceTree = "<group>"; };
		ST00AA11BB22CC33DD44EE04 /* StockProductRow.swift */ = {isa = PBXFileReference; includeInIndex = 1; lastKnownFileType = sourcecode.swift; path = StockProductRow.swift; sourceTree = "<group>"; };
		ST00AA11BB22CC33DD44EE06 /* AddStockProductSheet.swift */ = {isa = PBXFileReference; includeInIndex = 1; lastKnownFileType = sourcecode.swift; path = AddStockProductSheet.swift; sourceTree = "<group>"; };
		ST00AA11BB22CC33DD44EE08 /* StockView.swift */ = {isa = PBXFileReference; includeInIndex = 1; lastKnownFileType = sourcecode.swift; path = StockView.swift; sourceTree = "<group>"; };
		UR00AA11BB22CC33DD44EE00 /* UIImage+Resize.swift */ = {isa = PBXFileReference; includeInIndex = 1; lastKnownFileType = sourcecode.swift; path = "UIImage+Resize.swift"; sourceTree = "<group>"; };
		UR00AA11BB22CC33DD44EE10 /* UIImageResizeTests.swift */ = {isa = PBXFileReference; includeInIndex = 1; lastKnownFileType = sourcecode.swift; path = UIImageResizeTests.swift; sourceTree = "<group>"; };
/* End PBXFileReference section */

/* Begin PBXFrameworksBuildPhase section */
		50F3CD7D2FB7714C00238D41 /* Frameworks */ = {
			isa = PBXFrameworksBuildPhase;
			buildActionMask = 2147483647;
			files = (
				507823C32FBCF2E10042E71E /* Supabase in Frameworks */,
				507823C12FBCF2E10042E71E /* Storage in Frameworks */,
				507823BF2FBCF2E10042E71E /* PostgREST in Frameworks */,
				507823BD2FBCF2E10042E71E /* Functions in Frameworks */,
				507823BB2FBCF2E10042E71E /* Auth in Frameworks */,
			);
			runOnlyForDeploymentPostprocessing = 0;
		};
		HT00AA11BB22CC33DD44EE22 /* Frameworks */ = {
			isa = PBXFrameworksBuildPhase;
			buildActionMask = 2147483647;
			files = (
				HT00AA11BB22CC33DD44EE03 /* Home.app in Frameworks */,
			);
			runOnlyForDeploymentPostprocessing = 0;
		};
/* End PBXFrameworksBuildPhase section */

/* Begin PBXGroup section */
		0D1E073B845A7AD0DAA7C462 /* Pets */ = {
			isa = PBXGroup;
			children = (
				73C53F1CBE01F7F807567F82 /* Pet.swift */,
				61235AB3CE535474EAE6415F /* PetsView.swift */,
				A1B2C3D4E5F6A7B8C9D0E1F2 /* Detail */,
				AB55CD66EF77AB88CD99EF00 /* Files */,
				CA00BB11CC22DD33EE44FF00 /* Claude */,
				B2C3D4E5F6A7B8C9D0E1F2A3 /* Models */,
			);
			path = Pets;
			sourceTree = "<group>";
		};
		248845B37ACBAB618358A586 /* Home */ = {
			isa = PBXGroup;
			children = (
				06C806DCF5034FAB66D7D2B8 /* HomeView.swift */,
				HM00AA11BB22CC33DD44EE01 /* HomeItem.swift */,
				HM00AA11BB22CC33DD44EE02 /* HouseholdTask.swift */,
				HM00AA11BB22CC33DD44EE03 /* HomeItemRow.swift */,
				HM00AA11BB22CC33DD44EE04 /* HouseholdTaskSheet.swift */,
				HM00AA11BB22CC33DD44EE05 /* TaskSection.swift */,
				HM00AA11BB22CC33DD44EE06 /* SFSymbolPicker.swift */,
				HM00AA11BB22CC33DD44EE07 /* TaskSectionPicker.swift */,
			);
			path = Home;
			sourceTree = "<group>";
		};
		40827EA68B6B3F6846C702EA /* Home */ = {
			isa = PBXGroup;
			children = (
				507823C52FBCF4BD0042E71E /* Info.plist */,
				248845B37ACBAB618358A586 /* Home */,
				617B4C1C9E4E620806F0BD4A /* Main */,
				0D1E073B845A7AD0DAA7C462 /* Pets */,
				70B26604F602263820A5663D /* Settings */,
				C3A0C9BB44FA55E4B6F33F57 /* Shared */,
				ST00AA11BB22CC33DD44EE10 /* Stock */,
				DD1794F5A736E951E42FC707 /* ContentView.swift */,
				A4CDCB58B9C74EE5C806160F /* HomeApp.swift */,
				5B8F677F50DE37E4FDFF9F65 /* Menu */,
				F79B302EE01A77B173D6CE52 /* Shopping */,
			);
			path = Home;
			sourceTree = "<group>";
		};
		50F3CD772FB7714C00238D41 = {
			isa = PBXGroup;
			children = (
				50734A7F2FD0A83E00553B07 /* Assets.xcassets */,
				50F3CD812FB7714C00238D41 /* Products */,
				40827EA68B6B3F6846C702EA /* Home */,
				HT00AA11BB22CC33DD44EE00 /* HomeTests */,
				507823C42FBCF3AF0042E71E /* Config.xcconfig */,
			);
			sourceTree = "<group>";
		};
		50F3CD812FB7714C00238D41 /* Products */ = {
			isa = PBXGroup;
			children = (
				50F3CD802FB7714C00238D41 /* Home.app */,
				HT00AA11BB22CC33DD44EE13 /* HomeTests.xctest */,
			);
			name = Products;
			sourceTree = "<group>";
		};
		5B8F677F50DE37E4FDFF9F65 /* Menu */ = {
			isa = PBXGroup;
			children = (
				BD71C92C5B049383A7F07FC2 /* Meal.swift */,
				E32930F19D9DF1811CABFFA3 /* Weekday.swift */,
				0DF0650AAC8C151554C098B6 /* MealProduct.swift */,
				DD5A137BF574ECD289B8183D /* MealEntry.swift */,
				2B8B994CF9E69594B9A07ACA /* MealSuggestion.swift */,
				1E4A3A21671ACE388CBA0BFD /* MealSlotRow.swift */,
				932AAC9315EAFE3741709AE7 /* MealProductPicker.swift */,
				5AD66EDD532381FB799F4208 /* MealEditSheet.swift */,
				52F12A83C676197BA7862B03 /* MenuView.swift */,
			);
			path = Menu;
			sourceTree = "<group>";
		};
		617B4C1C9E4E620806F0BD4A /* Main */ = {
			isa = PBXGroup;
			children = (
				2C2D908018579E74C4F6DE3F /* MainTabView.swift */,
			);
			path = Main;
			sourceTree = "<group>";
		};
		70B26604F602263820A5663D /* Settings */ = {
			isa = PBXGroup;
			children = (
			);
			path = Settings;
			sourceTree = "<group>";
		};
		A1B2C3D4E5F6A7B8C9D0E1F2 /* Detail */ = {
			isa = PBXGroup;
			children = (
				55D97A7920684FC9B46E5FCE /* PetDetailView.swift */,
				FF00AA11BB22CC33DD44EE55 /* Tabs */,
				FF11AA22BB33CC44DD55EE00 /* Sheets */,
			);
			path = Detail;
			sourceTree = "<group>";
		};
		AB55CD66EF77AB88CD99EF00 /* Files */ = {
			isa = PBXGroup;
			children = (
				AB33CD44EF55AB66CD77EF13 /* FilePickerCoordinator.swift */,
				AB44CD55EF66AB77CD88EF14 /* FilePreviewView.swift */,
			);
			path = Files;
			sourceTree = "<group>";
		};
		B2C3D4E5F6A7B8C9D0E1F2A3 /* Models */ = {
			isa = PBXGroup;
			children = (
				DBE699B39D6D42F2BA958119 /* Appointment.swift */,
				D0894A58F3E0471E870AA5A4 /* ClinicalEntry.swift */,
				64A61C82CA7D4580AEE3FD8F /* PetEvent.swift */,
				D337BEEFF45641A7A41446D8 /* PetFile.swift */,
				2C6856914DFD42828E88B77E /* Veterinarian.swift */,
			);
			path = Models;
			sourceTree = "<group>";
		};
		C3A0C9BB44FA55E4B6F33F57 /* Shared */ = {
			isa = PBXGroup;
			children = (
				EB200FEAFF6E42B5A383E3590D2BA321 /* Config */,
				F10DE071B6D97759A20373C7 /* Components */,
				FF55AA66BB77CC88DD99EE10 /* Services */,
				UR00AA11BB22CC33DD44EF00 /* Extensions */,
			);
			path = Shared;
			sourceTree = "<group>";
		};
		CA00BB11CC22DD33EE44FF00 /* Claude */ = {
			isa = PBXGroup;
			children = (
				CA00BB11CC22DD33EE44FF15 /* ExtractionResultSheet.swift */,
				CA00BB11CC22DD33EE44FF16 /* ExtractionService.swift */,
			);
			path = Claude;
			sourceTree = "<group>";
		};
		EB200FEAFF6E42B5A383E3590D2BA321 /* Config */ = {
			isa = PBXGroup;
			children = (
				BEE741125AA949498F90211C36D7FA12 /* SupabaseConfig.swift */,
			);
			path = Config;
			sourceTree = "<group>";
		};
		F10DE071B6D97759A20373C7 /* Components */ = {
			isa = PBXGroup;
			children = (
				B69A10084EFE887518B77FB0 /* FeatureCard.swift */,
				AB7176104FF64E3885D42B3C /* PetAvatarView.swift */,
				2FD0EC17349AAB28CC54A5CB /* PetRow.swift */,
			);
			path = Components;
			sourceTree = "<group>";
		};
		F79B302EE01A77B173D6CE52 /* Shopping */ = {
			isa = PBXGroup;
			children = (
				006B3D99E6B0E67C823B73FD /* ShoppingView.swift */,
			);
			name = Shopping;
			path = Shopping;
			sourceTree = "<group>";
		};
		FF00AA11BB22CC33DD44EE55 /* Tabs */ = {
			isa = PBXGroup;
			children = (
				AA11BB22CC33DD44EE55FF01 /* VetTabView.swift */,
				BB22CC33DD44EE55FF6600A1 /* AppointmentsTabView.swift */,
				CC33DD44EE55FF6600AABB11 /* ClinicalHistoryTabView.swift */,
				CC44DD55EE55FF6600AABB22 /* ClinicalEntryRow.swift */,
				DD44EE55FF6600AABB22CC01 /* EventsTabView.swift */,
				EE88FF9922DDEE55FF6600A7 /* EventRow.swift */,
				EE55FF6600AABB22CC33DD01 /* FilesTabView.swift */,
			);
			path = Tabs;
			sourceTree = "<group>";
		};
		FF11AA22BB33CC44DD55EE00 /* Sheets */ = {
			isa = PBXGroup;
			children = (
				FF11AA22BB33CC44DD55EE01 /* VetEditSheet.swift */,
				AA22BB33CC44DD55EE6600A2 /* AddAppointmentSheet.swift */,
				AB11CD22EF33AB44CD55EF11 /* AddClinicalEntrySheet.swift */,
				AB22CD33EF44AB55CD66EF12 /* ClinicalEntryDetailView.swift */,
				EE66FF7700BBCC33DD44EE15 /* AddEventSheet.swift */,
				EE77FF8811CCDD44EE55FF16 /* EventDetailView.swift */,
			);
			path = Sheets;
			sourceTree = "<group>";
		};
		FF55AA66BB77CC88DD99EE10 /* Services */ = {
			isa = PBXGroup;
			children = (
				CA11BB22CC33DD44EE55FF00 /* CalendarService.swift */,
				FF55AA66BB77CC88DD99EE00 /* KeychainService.swift */,
				SS00AA11BB22CC33DD44EE00 /* SupabaseStore.swift */,
				54D020C3C3350CD92309BE0A /* SupabaseStore+Meals.swift */,
			);
			path = Services;
			sourceTree = "<group>";
		};
		HT00AA11BB22CC33DD44EE00 /* HomeTests */ = {
			isa = PBXGroup;
			children = (
				HT00AA11BB22CC33DD44EE12 /* ExtractionServiceTests.swift */,
				HT00AA11BB22CC33DD44EE14 /* SupabaseStoreTests.swift */,
				HT00AA11BB22CC33DD44EE16 /* HomeItemTests.swift */,
				HT00AA11BB22CC33DD44EE17 /* PetModelTests.swift */,
				HT00AA11BB22CC33DD44EE18 /* SupabaseStoreFilterTests.swift */,
				UR00AA11BB22CC33DD44EE10 /* UIImageResizeTests.swift */,
				ST00AA11BB22CC33DD44EE02 /* StockProductTests.swift */,
				SC00AA11BB22CC33DD44EE02 /* StockCompletionTests.swift */,
				69881983A539D6462A7613E0 /* MealTests.swift */,
				52052EE4A2810E6E1E457AA5 /* MealEntryTests.swift */,
				293F0243ED37D3F7F866C341 /* MealSuggestionTests.swift */,
				934BB72A2A2516A2E5E46923 /* SupabaseStoreMealTests.swift */,
				E0A7B5E764753BED9E8D27EC /* SupermarketTests.swift */,
				7992BC0AD8B24DC8437E5EFF /* ProductCategoryTests.swift */,
				8E48459EB4143A86114B4178 /* ShoppingListTests.swift */,
			);
			path = HomeTests;
			sourceTree = "<group>";
		};
		ST00AA11BB22CC33DD44EE10 /* Stock */ = {
			isa = PBXGroup;
			children = (
				ST00AA11BB22CC33DD44EE00 /* StockProduct.swift */,
				ST00AA11BB22CC33DD44EE04 /* StockProductRow.swift */,
				ST00AA11BB22CC33DD44EE06 /* AddStockProductSheet.swift */,
				ST00AA11BB22CC33DD44EE08 /* StockView.swift */,
				BFD721BF9855C09D131A9116 /* Supermarket.swift */,
				41FE432DDA91EAABD7776413 /* ProductCategory.swift */,
			);
			path = Stock;
			sourceTree = "<group>";
		};
		UR00AA11BB22CC33DD44EF00 /* Extensions */ = {
			isa = PBXGroup;
			children = (
				UR00AA11BB22CC33DD44EE00 /* UIImage+Resize.swift */,
			);
			path = Extensions;
			sourceTree = "<group>";
		};
/* End PBXGroup section */

/* Begin PBXNativeTarget section */
		50F3CD7F2FB7714C00238D41 /* Home */ = {
			isa = PBXNativeTarget;
			buildConfigurationList = 50F3CD8B2FB7714D00238D41 /* Build configuration list for PBXNativeTarget "Home" */;
			buildPhases = (
				50F3CD7C2FB7714C00238D41 /* Sources */,
				50F3CD7D2FB7714C00238D41 /* Frameworks */,
				50F3CD7E2FB7714C00238D41 /* Resources */,
			);
			buildRules = (
			);
			dependencies = (
			);
			name = Home;
			productName = Home;
			productReference = 50F3CD802FB7714C00238D41 /* Home.app */;
			productType = "com.apple.product-type.application";
		};
		HT00AA11BB22CC33DD44EE20 /* HomeTests */ = {
			isa = PBXNativeTarget;
			buildConfigurationList = HT00AA11BB22CC33DD44EE30 /* Build configuration list for PBXNativeTarget "HomeTests" */;
			buildPhases = (
				HT00AA11BB22CC33DD44EE21 /* Sources */,
				HT00AA11BB22CC33DD44EE22 /* Frameworks */,
			);
			buildRules = (
			);
			dependencies = (
				HT00AA11BB22CC33DD44EE25 /* PBXTargetDependency */,
			);
			name = HomeTests;
			productName = HomeTests;
			productReference = HT00AA11BB22CC33DD44EE13 /* HomeTests.xctest */;
			productType = "com.apple.product-type.bundle.unit-test";
		};
/* End PBXNativeTarget section */

/* Begin PBXProject section */
		50F3CD782FB7714C00238D41 /* Project object */ = {
			isa = PBXProject;
			attributes = {
				BuildIndependentTargetsInParallel = 1;
				LastSwiftUpdateCheck = 2600;
				LastUpgradeCheck = 2600;
				TargetAttributes = {
					50F3CD7F2FB7714C00238D41 = {
						CreatedOnToolsVersion = 26.0;
					};
					HT00AA11BB22CC33DD44EE20 = {
						CreatedOnToolsVersion = 26.0;
						TestTargetID = 50F3CD7F2FB7714C00238D41;
					};
				};
			};
			buildConfigurationList = 50F3CD7B2FB7714C00238D41 /* Build configuration list for PBXProject "Home" */;
			developmentRegion = en;
			hasScannedForEncodings = 0;
			knownRegions = (
				en,
				Base,
			);
			mainGroup = 50F3CD772FB7714C00238D41;
			minimizedProjectReferenceProxies = 1;
			packageReferences = (
				507823B92FBCF2E10042E71E /* XCRemoteSwiftPackageReference "supabase-swift" */,
			);
			preferredProjectObjectVersion = 77;
			productRefGroup = 50F3CD812FB7714C00238D41 /* Products */;
			projectDirPath = "";
			projectRoot = "";
			targets = (
				50F3CD7F2FB7714C00238D41 /* Home */,
				HT00AA11BB22CC33DD44EE20 /* HomeTests */,
			);
		};
/* End PBXProject section */

/* Begin PBXResourcesBuildPhase section */
		50F3CD7E2FB7714C00238D41 /* Resources */ = {
			isa = PBXResourcesBuildPhase;
			buildActionMask = 2147483647;
			files = (
				50734A802FD0A83E00553B07 /* Assets.xcassets in Resources */,
			);
			runOnlyForDeploymentPostprocessing = 0;
		};
/* End PBXResourcesBuildPhase section */

/* Begin PBXSourcesBuildPhase section */
		50F3CD7C2FB7714C00238D41 /* Sources */ = {
			isa = PBXSourcesBuildPhase;
			buildActionMask = 2147483647;
			files = (
				CD57016D61746F8775546D4B /* HomeView.swift in Sources */,
				HM00AA11BB22CC33DD44EE11 /* HomeItem.swift in Sources */,
				HM00AA11BB22CC33DD44EE12 /* HouseholdTask.swift in Sources */,
				HM00AA11BB22CC33DD44EE13 /* HomeItemRow.swift in Sources */,
				HM00AA11BB22CC33DD44EE14 /* HouseholdTaskSheet.swift in Sources */,
				HM00AA11BB22CC33DD44EE15 /* TaskSection.swift in Sources */,
				HM00AA11BB22CC33DD44EE16 /* SFSymbolPicker.swift in Sources */,
				HM00AA11BB22CC33DD44EE17 /* TaskSectionPicker.swift in Sources */,
				5B333B1BDEF4E93AC16D9136 /* MainTabView.swift in Sources */,
				F590EDE5C7BE12EF7ED81623 /* Pet.swift in Sources */,
				81D685B707C9582581ADFB87 /* PetsView.swift in Sources */,
				2B49E3B0A73264B5D0EED88A /* FeatureCard.swift in Sources */,
				00B2E6DC3F934773A9D00249 /* PetAvatarView.swift in Sources */,
				BE50151A59558186C1FD92D1 /* PetRow.swift in Sources */,
				C5FC049B579BEC4CBF8EC041 /* ContentView.swift in Sources */,
				68AEAB43A2107550172A58AE /* HomeApp.swift in Sources */,
				86FAEA64D9AE43EBB5CE9ED1 /* Appointment.swift in Sources */,
				8A93AD27062449ECBE2D8C71 /* ClinicalEntry.swift in Sources */,
				AD28BC8FE3FF44A7A23C3ABE /* PetEvent.swift in Sources */,
				F0E66C11605B468E99213400 /* PetFile.swift in Sources */,
				1DBC79FB65E14D45B82A6C9C /* Veterinarian.swift in Sources */,
				C1A823780AE3489A95BE163E /* PetDetailView.swift in Sources */,
				AA11BB22CC33DD44EE55FF66 /* VetTabView.swift in Sources */,
				FF11AA22BB33CC44DD55EE77 /* VetEditSheet.swift in Sources */,
				AA22BB33CC44DD55EE6600BB /* AddAppointmentSheet.swift in Sources */,
				BB22CC33DD44EE55FF6600AA /* AppointmentsTabView.swift in Sources */,
				CC33DD44EE55FF6600AABB22 /* ClinicalHistoryTabView.swift in Sources */,
				CC44DD55EE55FF6600AABB33 /* ClinicalEntryRow.swift in Sources */,
				DD44EE55FF6600AABB22CC33 /* EventsTabView.swift in Sources */,
				EE55FF6600AABB22CC33DD44 /* FilesTabView.swift in Sources */,
				AB11CD22EF33AB44CD55EF01 /* AddClinicalEntrySheet.swift in Sources */,
				AB22CD33EF44AB55CD66EF02 /* ClinicalEntryDetailView.swift in Sources */,
				EE66FF7700BBCC33DD44EE05 /* AddEventSheet.swift in Sources */,
				EE77FF8811CCDD44EE55FF06 /* EventDetailView.swift in Sources */,
				EE88FF9922DDEE55FF6600B7 /* EventRow.swift in Sources */,
				AB33CD44EF55AB66CD77EF03 /* FilePickerCoordinator.swift in Sources */,
				AB44CD55EF66AB77CD88EF04 /* FilePreviewView.swift in Sources */,
				CA00BB11CC22DD33EE44FF05 /* ExtractionResultSheet.swift in Sources */,
				CA00BB11CC22DD33EE44FF06 /* ExtractionService.swift in Sources */,
				CA11BB22CC33DD44EE55FF01 /* CalendarService.swift in Sources */,
				FF55AA66BB77CC88DD99EE01 /* KeychainService.swift in Sources */,
				96A6927DAC9046738B759A900327673D /* SupabaseConfig.swift in Sources */,
				SS00AA11BB22CC33DD44EE01 /* SupabaseStore.swift in Sources */,
				UR00AA11BB22CC33DD44EE01 /* UIImage+Resize.swift in Sources */,
				ST00AA11BB22CC33DD44EE01 /* StockProduct.swift in Sources */,
				ST00AA11BB22CC33DD44EE05 /* StockProductRow.swift in Sources */,
				ST00AA11BB22CC33DD44EE07 /* AddStockProductSheet.swift in Sources */,
				ST00AA11BB22CC33DD44EE09 /* StockView.swift in Sources */,
				1EE7584B5E8B2CD828D65E1F /* Meal.swift in Sources */,
				F6CB90A89DEF180C6DEF7A95 /* Weekday.swift in Sources */,
				4A35A9683B81824C94041330 /* MealProduct.swift in Sources */,
				2387E1C24DF4C8261A442AE7 /* MealEntry.swift in Sources */,
				5793579B326ADCE50A1CD189 /* MealSuggestion.swift in Sources */,
				13BC5B2F5A754F9C9C0364F2 /* SupabaseStore+Meals.swift in Sources */,
				BD3751E8C32A05906722913A /* MealSlotRow.swift in Sources */,
				4D1D0499AA48304EB0FA2FF4 /* MealProductPicker.swift in Sources */,
				3518BC31BAA6CAAADB8D441A /* MealEditSheet.swift in Sources */,
				93672456092DE1FF2A6392C5 /* MenuView.swift in Sources */,
				B611D6F8A81DCC192451C3BF /* Supermarket.swift in Sources */,
				0D4B7552A2AE6EDECF7ABCCB /* ProductCategory.swift in Sources */,
				177344A93532918662461240 /* ShoppingView.swift in Sources */,
			);
			runOnlyForDeploymentPostprocessing = 0;
		};
		HT00AA11BB22CC33DD44EE21 /* Sources */ = {
			isa = PBXSourcesBuildPhase;
			buildActionMask = 2147483647;
			files = (
				HT00AA11BB22CC33DD44EE02 /* ExtractionServiceTests.swift in Sources */,
				HT00AA11BB22CC33DD44EE04 /* SupabaseStoreTests.swift in Sources */,
				HT00AA11BB22CC33DD44EE06 /* HomeItemTests.swift in Sources */,
				HT00AA11BB22CC33DD44EE07 /* PetModelTests.swift in Sources */,
				HT00AA11BB22CC33DD44EE08 /* SupabaseStoreFilterTests.swift in Sources */,
				UR00AA11BB22CC33DD44EE02 /* UIImageResizeTests.swift in Sources */,
				ST00AA11BB22CC33DD44EE03 /* StockProductTests.swift in Sources */,
				SC00AA11BB22CC33DD44EE03 /* StockCompletionTests.swift in Sources */,
				C463AF969E5CA773A779B96E /* MealTests.swift in Sources */,
				CA9DE06184F63452D58A9A8A /* MealEntryTests.swift in Sources */,
				487BFB610D56E7AC892FF345 /* MealSuggestionTests.swift in Sources */,
				432CC1C59252275CCB99215B /* SupabaseStoreMealTests.swift in Sources */,
				933BA309D7D1C551B6B392D5 /* SupermarketTests.swift in Sources */,
				B767693EAE3C3E0144D52B3E /* ProductCategoryTests.swift in Sources */,
				7B3F134A6198452D02FFBF45 /* ShoppingListTests.swift in Sources */,
			);
			runOnlyForDeploymentPostprocessing = 0;
		};
/* End PBXSourcesBuildPhase section */

/* Begin PBXTargetDependency section */
		HT00AA11BB22CC33DD44EE25 /* PBXTargetDependency */ = {
			isa = PBXTargetDependency;
			target = 50F3CD7F2FB7714C00238D41 /* Home */;
			targetProxy = HT00AA11BB22CC33DD44EE24 /* PBXContainerItemProxy */;
		};
/* End PBXTargetDependency section */

/* Begin XCBuildConfiguration section */
		50F3CD892FB7714D00238D41 /* Debug */ = {
			isa = XCBuildConfiguration;
			baseConfigurationReference = 507823C42FBCF3AF0042E71E /* Config.xcconfig */;
			buildSettings = {
				ALWAYS_SEARCH_USER_PATHS = NO;
				ASSETCATALOG_COMPILER_GENERATE_SWIFT_ASSET_SYMBOL_EXTENSIONS = YES;
				CLANG_ANALYZER_NONNULL = YES;
				CLANG_ANALYZER_NUMBER_OBJECT_CONVERSION = YES_AGGRESSIVE;
				CLANG_CXX_LANGUAGE_STANDARD = "gnu++20";
				CLANG_ENABLE_MODULES = YES;
				CLANG_ENABLE_OBJC_ARC = YES;
				CLANG_ENABLE_OBJC_WEAK = YES;
				CLANG_WARN_BLOCK_CAPTURE_AUTORELEASING = YES;
				CLANG_WARN_BOOL_CONVERSION = YES;
				CLANG_WARN_COMMA = YES;
				CLANG_WARN_CONSTANT_CONVERSION = YES;
				CLANG_WARN_DEPRECATED_OBJC_IMPLEMENTATIONS = YES;
				CLANG_WARN_DIRECT_OBJC_ISA_USAGE = YES_ERROR;
				CLANG_WARN_DOCUMENTATION_COMMENTS = YES;
				CLANG_WARN_EMPTY_BODY = YES;
				CLANG_WARN_ENUM_CONVERSION = YES;
				CLANG_WARN_INFINITE_RECURSION = YES;
				CLANG_WARN_INT_CONVERSION = YES;
				CLANG_WARN_NON_LITERAL_NULL_CONVERSION = YES;
				CLANG_WARN_OBJC_IMPLICIT_RETAIN_SELF = YES;
				CLANG_WARN_OBJC_LITERAL_CONVERSION = YES;
				CLANG_WARN_OBJC_ROOT_CLASS = YES_ERROR;
				CLANG_WARN_QUOTED_INCLUDE_IN_FRAMEWORK_HEADER = YES;
				CLANG_WARN_RANGE_LOOP_ANALYSIS = YES;
				CLANG_WARN_STRICT_PROTOTYPES = YES;
				CLANG_WARN_SUSPICIOUS_MOVE = YES;
				CLANG_WARN_UNGUARDED_AVAILABILITY = YES_AGGRESSIVE;
				CLANG_WARN_UNREACHABLE_CODE = YES;
				CLANG_WARN__DUPLICATE_METHOD_MATCH = YES;
				COPY_PHASE_STRIP = NO;
				DEBUG_INFORMATION_FORMAT = dwarf;
				DEVELOPMENT_TEAM = 523MDDHYGD;
				ENABLE_STRICT_OBJC_MSGSEND = YES;
				ENABLE_TESTABILITY = YES;
				ENABLE_USER_SCRIPT_SANDBOXING = YES;
				GCC_C_LANGUAGE_STANDARD = gnu17;
				GCC_DYNAMIC_NO_PIC = NO;
				GCC_NO_COMMON_BLOCKS = YES;
				GCC_OPTIMIZATION_LEVEL = 0;
				GCC_PREPROCESSOR_DEFINITIONS = (
					"DEBUG=1",
					"$(inherited)",
				);
				GCC_WARN_64_TO_32_BIT_CONVERSION = YES;
				GCC_WARN_ABOUT_RETURN_TYPE = YES_ERROR;
				GCC_WARN_UNDECLARED_SELECTOR = YES;
				GCC_WARN_UNINITIALIZED_AUTOS = YES_AGGRESSIVE;
				GCC_WARN_UNUSED_FUNCTION = YES;
				GCC_WARN_UNUSED_VARIABLE = YES;
				IPHONEOS_DEPLOYMENT_TARGET = 26.0;
				LOCALIZATION_PREFERS_STRING_CATALOGS = YES;
				MTL_ENABLE_DEBUG_INFO = INCLUDE_SOURCE;
				MTL_FAST_MATH = YES;
				ONLY_ACTIVE_ARCH = YES;
				SDKROOT = iphoneos;
				SWIFT_ACTIVE_COMPILATION_CONDITIONS = "DEBUG $(inherited)";
				SWIFT_OPTIMIZATION_LEVEL = "-Onone";
			};
			name = Debug;
		};
		50F3CD8A2FB7714D00238D41 /* Release */ = {
			isa = XCBuildConfiguration;
			baseConfigurationReference = 507823C42FBCF3AF0042E71E /* Config.xcconfig */;
			buildSettings = {
				ALWAYS_SEARCH_USER_PATHS = NO;
				ASSETCATALOG_COMPILER_GENERATE_SWIFT_ASSET_SYMBOL_EXTENSIONS = YES;
				CLANG_ANALYZER_NONNULL = YES;
				CLANG_ANALYZER_NUMBER_OBJECT_CONVERSION = YES_AGGRESSIVE;
				CLANG_CXX_LANGUAGE_STANDARD = "gnu++20";
				CLANG_ENABLE_MODULES = YES;
				CLANG_ENABLE_OBJC_ARC = YES;
				CLANG_ENABLE_OBJC_WEAK = YES;
				CLANG_WARN_BLOCK_CAPTURE_AUTORELEASING = YES;
				CLANG_WARN_BOOL_CONVERSION = YES;
				CLANG_WARN_COMMA = YES;
				CLANG_WARN_CONSTANT_CONVERSION = YES;
				CLANG_WARN_DEPRECATED_OBJC_IMPLEMENTATIONS = YES;
				CLANG_WARN_DIRECT_OBJC_ISA_USAGE = YES_ERROR;
				CLANG_WARN_DOCUMENTATION_COMMENTS = YES;
				CLANG_WARN_EMPTY_BODY = YES;
				CLANG_WARN_ENUM_CONVERSION = YES;
				CLANG_WARN_INFINITE_RECURSION = YES;
				CLANG_WARN_INT_CONVERSION = YES;
				CLANG_WARN_NON_LITERAL_NULL_CONVERSION = YES;
				CLANG_WARN_OBJC_IMPLICIT_RETAIN_SELF = YES;
				CLANG_WARN_OBJC_LITERAL_CONVERSION = YES;
				CLANG_WARN_OBJC_ROOT_CLASS = YES_ERROR;
				CLANG_WARN_QUOTED_INCLUDE_IN_FRAMEWORK_HEADER = YES;
				CLANG_WARN_RANGE_LOOP_ANALYSIS = YES;
				CLANG_WARN_STRICT_PROTOTYPES = YES;
				CLANG_WARN_SUSPICIOUS_MOVE = YES;
				CLANG_WARN_UNGUARDED_AVAILABILITY = YES_AGGRESSIVE;
				CLANG_WARN_UNREACHABLE_CODE = YES;
				CLANG_WARN__DUPLICATE_METHOD_MATCH = YES;
				COPY_PHASE_STRIP = NO;
				DEBUG_INFORMATION_FORMAT = "dwarf-with-dsym";
				DEVELOPMENT_TEAM = 523MDDHYGD;
				ENABLE_NS_ASSERTIONS = NO;
				ENABLE_STRICT_OBJC_MSGSEND = YES;
				ENABLE_USER_SCRIPT_SANDBOXING = YES;
				GCC_C_LANGUAGE_STANDARD = gnu17;
				GCC_NO_COMMON_BLOCKS = YES;
				GCC_WARN_64_TO_32_BIT_CONVERSION = YES;
				GCC_WARN_ABOUT_RETURN_TYPE = YES_ERROR;
				GCC_WARN_UNDECLARED_SELECTOR = YES;
				GCC_WARN_UNINITIALIZED_AUTOS = YES_AGGRESSIVE;
				GCC_WARN_UNUSED_FUNCTION = YES;
				GCC_WARN_UNUSED_VARIABLE = YES;
				IPHONEOS_DEPLOYMENT_TARGET = 26.0;
				LOCALIZATION_PREFERS_STRING_CATALOGS = YES;
				MTL_ENABLE_DEBUG_INFO = NO;
				MTL_FAST_MATH = YES;
				SDKROOT = iphoneos;
				SWIFT_COMPILATION_MODE = wholemodule;
				VALIDATE_PRODUCT = YES;
			};
			name = Release;
		};
		50F3CD8C2FB7714D00238D41 /* Debug */ = {
			isa = XCBuildConfiguration;
			baseConfigurationReference = 507823C42FBCF3AF0042E71E /* Config.xcconfig */;
			buildSettings = {
				ASSETCATALOG_COMPILER_APPICON_NAME = AppIcon;
				ASSETCATALOG_COMPILER_GLOBAL_ACCENT_COLOR_NAME = AccentColor;
				CODE_SIGN_STYLE = Automatic;
				CURRENT_PROJECT_VERSION = 1;
				DEVELOPMENT_TEAM = 523MDDHYGD;
				ENABLE_PREVIEWS = YES;
				GENERATE_INFOPLIST_FILE = YES;
				INFOPLIST_FILE = Home/Info.plist;
				INFOPLIST_KEY_NSCalendarsFullAccessUsageDescription = "Add appointments to the calendar";
				INFOPLIST_KEY_UIApplicationSceneManifest_Generation = YES;
				INFOPLIST_KEY_UIApplicationSupportsIndirectInputEvents = YES;
				INFOPLIST_KEY_UILaunchScreen_Generation = YES;
				INFOPLIST_KEY_UISupportedInterfaceOrientations_iPad = "UIInterfaceOrientationPortrait UIInterfaceOrientationPortraitUpsideDown UIInterfaceOrientationLandscapeLeft UIInterfaceOrientationLandscapeRight";
				INFOPLIST_KEY_UISupportedInterfaceOrientations_iPhone = "UIInterfaceOrientationPortrait UIInterfaceOrientationLandscapeLeft UIInterfaceOrientationLandscapeRight";
				LD_RUNPATH_SEARCH_PATHS = (
					"$(inherited)",
					"@executable_path/Frameworks",
				);
				MARKETING_VERSION = 1.0;
				PRODUCT_BUNDLE_IDENTIFIER = com.guille.Home;
				PRODUCT_NAME = "$(TARGET_NAME)";
				STRING_CATALOG_GENERATE_SYMBOLS = YES;
				SWIFT_APPROACHABLE_CONCURRENCY = YES;
				SWIFT_DEFAULT_ACTOR_ISOLATION = MainActor;
				SWIFT_EMIT_LOC_STRINGS = YES;
				SWIFT_UPCOMING_FEATURE_MEMBER_IMPORT_VISIBILITY = YES;
				SWIFT_VERSION = 6.0;
				TARGETED_DEVICE_FAMILY = "1,2";
			};
			name = Debug;
		};
		50F3CD8D2FB7714D00238D41 /* Release */ = {
			isa = XCBuildConfiguration;
			baseConfigurationReference = 507823C42FBCF3AF0042E71E /* Config.xcconfig */;
			buildSettings = {
				ASSETCATALOG_COMPILER_APPICON_NAME = AppIcon;
				ASSETCATALOG_COMPILER_GLOBAL_ACCENT_COLOR_NAME = AccentColor;
				CODE_SIGN_STYLE = Automatic;
				CURRENT_PROJECT_VERSION = 1;
				DEVELOPMENT_TEAM = 523MDDHYGD;
				ENABLE_PREVIEWS = YES;
				GENERATE_INFOPLIST_FILE = YES;
				INFOPLIST_FILE = Home/Info.plist;
				INFOPLIST_KEY_NSCalendarsFullAccessUsageDescription = "Add appointments to the calendar";
				INFOPLIST_KEY_UIApplicationSceneManifest_Generation = YES;
				INFOPLIST_KEY_UIApplicationSupportsIndirectInputEvents = YES;
				INFOPLIST_KEY_UILaunchScreen_Generation = YES;
				INFOPLIST_KEY_UISupportedInterfaceOrientations_iPad = "UIInterfaceOrientationPortrait UIInterfaceOrientationPortraitUpsideDown UIInterfaceOrientationLandscapeLeft UIInterfaceOrientationLandscapeRight";
				INFOPLIST_KEY_UISupportedInterfaceOrientations_iPhone = "UIInterfaceOrientationPortrait UIInterfaceOrientationLandscapeLeft UIInterfaceOrientationLandscapeRight";
				LD_RUNPATH_SEARCH_PATHS = (
					"$(inherited)",
					"@executable_path/Frameworks",
				);
				MARKETING_VERSION = 1.0;
				PRODUCT_BUNDLE_IDENTIFIER = com.guille.Home;
				PRODUCT_NAME = "$(TARGET_NAME)";
				STRING_CATALOG_GENERATE_SYMBOLS = YES;
				SWIFT_APPROACHABLE_CONCURRENCY = YES;
				SWIFT_DEFAULT_ACTOR_ISOLATION = MainActor;
				SWIFT_EMIT_LOC_STRINGS = YES;
				SWIFT_UPCOMING_FEATURE_MEMBER_IMPORT_VISIBILITY = YES;
				SWIFT_VERSION = 6.0;
				TARGETED_DEVICE_FAMILY = "1,2";
			};
			name = Release;
		};
		HT00AA11BB22CC33DD44EE31 /* Debug */ = {
			isa = XCBuildConfiguration;
			baseConfigurationReference = 507823C42FBCF3AF0042E71E /* Config.xcconfig */;
			buildSettings = {
				BUNDLE_LOADER = "$(TEST_HOST)";
				CODE_SIGN_STYLE = Automatic;
				DEVELOPMENT_TEAM = 523MDDHYGD;
				GENERATE_INFOPLIST_FILE = YES;
				IPHONEOS_DEPLOYMENT_TARGET = 26.0;
				PRODUCT_BUNDLE_IDENTIFIER = com.guille.HomeTests;
				PRODUCT_NAME = "$(TARGET_NAME)";
				SDKROOT = iphoneos;
				SWIFT_VERSION = 6.0;
				TEST_HOST = "$(BUILT_PRODUCTS_DIR)/Home.app/$(BUNDLE_EXECUTABLE_FOLDER_PATH)/Home";
			};
			name = Debug;
		};
		HT00AA11BB22CC33DD44EE32 /* Release */ = {
			isa = XCBuildConfiguration;
			baseConfigurationReference = 507823C42FBCF3AF0042E71E /* Config.xcconfig */;
			buildSettings = {
				BUNDLE_LOADER = "$(TEST_HOST)";
				CODE_SIGN_STYLE = Automatic;
				DEVELOPMENT_TEAM = 523MDDHYGD;
				GENERATE_INFOPLIST_FILE = YES;
				IPHONEOS_DEPLOYMENT_TARGET = 26.0;
				PRODUCT_BUNDLE_IDENTIFIER = com.guille.HomeTests;
				PRODUCT_NAME = "$(TARGET_NAME)";
				SDKROOT = iphoneos;
				SWIFT_VERSION = 6.0;
				TEST_HOST = "$(BUILT_PRODUCTS_DIR)/Home.app/$(BUNDLE_EXECUTABLE_FOLDER_PATH)/Home";
			};
			name = Release;
		};
/* End XCBuildConfiguration section */

/* Begin XCConfigurationList section */
		50F3CD7B2FB7714C00238D41 /* Build configuration list for PBXProject "Home" */ = {
			isa = XCConfigurationList;
			buildConfigurations = (
				50F3CD892FB7714D00238D41 /* Debug */,
				50F3CD8A2FB7714D00238D41 /* Release */,
			);
			defaultConfigurationIsVisible = 0;
			defaultConfigurationName = Release;
		};
		50F3CD8B2FB7714D00238D41 /* Build configuration list for PBXNativeTarget "Home" */ = {
			isa = XCConfigurationList;
			buildConfigurations = (
				50F3CD8C2FB7714D00238D41 /* Debug */,
				50F3CD8D2FB7714D00238D41 /* Release */,
			);
			defaultConfigurationIsVisible = 0;
			defaultConfigurationName = Release;
		};
		HT00AA11BB22CC33DD44EE30 /* Build configuration list for PBXNativeTarget "HomeTests" */ = {
			isa = XCConfigurationList;
			buildConfigurations = (
				HT00AA11BB22CC33DD44EE31 /* Debug */,
				HT00AA11BB22CC33DD44EE32 /* Release */,
			);
			defaultConfigurationIsVisible = 0;
			defaultConfigurationName = Release;
		};
/* End XCConfigurationList section */

/* Begin XCRemoteSwiftPackageReference section */
		507823B92FBCF2E10042E71E /* XCRemoteSwiftPackageReference "supabase-swift" */ = {
			isa = XCRemoteSwiftPackageReference;
			repositoryURL = "https://github.com/supabase/supabase-swift.git";
			requirement = {
				kind = upToNextMajorVersion;
				minimumVersion = 2.5.1;
			};
		};
/* End XCRemoteSwiftPackageReference section */

/* Begin XCSwiftPackageProductDependency section */
		507823BA2FBCF2E10042E71E /* Auth */ = {
			isa = XCSwiftPackageProductDependency;
			package = 507823B92FBCF2E10042E71E /* XCRemoteSwiftPackageReference "supabase-swift" */;
			productName = Auth;
		};
		507823BC2FBCF2E10042E71E /* Functions */ = {
			isa = XCSwiftPackageProductDependency;
			package = 507823B92FBCF2E10042E71E /* XCRemoteSwiftPackageReference "supabase-swift" */;
			productName = Functions;
		};
		507823BE2FBCF2E10042E71E /* PostgREST */ = {
			isa = XCSwiftPackageProductDependency;
			package = 507823B92FBCF2E10042E71E /* XCRemoteSwiftPackageReference "supabase-swift" */;
			productName = PostgREST;
		};
		507823C02FBCF2E10042E71E /* Storage */ = {
			isa = XCSwiftPackageProductDependency;
			package = 507823B92FBCF2E10042E71E /* XCRemoteSwiftPackageReference "supabase-swift" */;
			productName = Storage;
		};
		507823C22FBCF2E10042E71E /* Supabase */ = {
			isa = XCSwiftPackageProductDependency;
			package = 507823B92FBCF2E10042E71E /* XCRemoteSwiftPackageReference "supabase-swift" */;
			productName = Supabase;
		};
/* End XCSwiftPackageProductDependency section */
	};
	rootObject = 50F3CD782FB7714C00238D41 /* Project object */;
}
